
Microsoft Visual Studio Solution File, Format Version 12.00
# Visual Studio Version 16
VisualStudioVersion = 16.0.31605.320
MinimumVisualStudioVersion = 10.0.40219.1
Project("{9A19103F-16F7-4668-BE54-9A1E7A4F7556}") = "Failure", "Failure.csproj", "{C2DE01B3-9207-4816-B051-46455048034A}"
EndProject
Global
	GlobalSection(SolutionConfigurationPlatforms) = preSolution
		Debug|Any CPU = Debug|Any CPU
		Release|Any CPU = Release|Any CPU
	EndGlobalSection
	GlobalSection(ProjectConfigurationPlatforms) = postSolution
		{C2DE01B3-9207-4816-B051-46455048034A}.Debug|Any CPU.ActiveCfg = Debug|Any CPU
		{C2DE01B3-9207-4816-B051-46455048034A}.Debug|Any CPU.Build.0 = Debug|Any CPU
		{C2DE01B3-9207-4816-B051-46455048034A}.Release|Any CPU.ActiveCfg = Release|Any CPU
		{C2DE01B3-9207-4816-B051-46455048034A}.Release|Any CPU.Build.0 = Release|Any CPU
	EndGlobalSection
	GlobalSection(SolutionProperties) = preSolution
		HideSolutionNode = FALSE
	EndGlobalSection
	GlobalSection(ExtensibilityGlobals) = postSolution
		SolutionGuid = {A1E613AB-F805-43FD-8D01-6790044F2CDC}
	EndGlobalSection
EndGlobal
