
Microsoft Visual Studio Solution File, Format Version 12.00
# Visual Studio Version 16
VisualStudioVersion = 16.0.30524.135
MinimumVisualStudioVersion = 15.0.26124.0
Project("{2150E333-8FDC-42A3-9474-1A3956D46DE8}") = "Tests", "Tests", "{DD0ED1D4-3AE0-4310-BDF3-B08C97FA994A}"
EndProject
Project("{FAE04EC0-301F-11D3-BF4B-00C04F79EFBC}") = "Extras.Tests", "Strings.Extras.Tests\Extras.Tests.csproj", "{930A73C5-17E0-4F4D-A3EF-18820B8DF926}"
EndProject
Project("{FAE04EC0-301F-11D3-BF4B-00C04F79EFBC}") = "Extras", "Strings.Extras\Extras.csproj", "{4BBDF7AD-ADD9-40EB-8AAA-9D654CAF1F33}"
EndProject
Global
	GlobalSection(SolutionConfigurationPlatforms) = preSolution
		Debug|Any CPU = Debug|Any CPU
		Debug|x64 = Debug|x64
		Debug|x86 = Debug|x86
		Release|Any CPU = Release|Any CPU
		Release|x64 = Release|x64
		Release|x86 = Release|x86
	EndGlobalSection
	GlobalSection(ProjectConfigurationPlatforms) = postSolution
		{930A73C5-17E0-4F4D-A3EF-18820B8DF926}.Debug|Any CPU.ActiveCfg = Debug|Any CPU
		{930A73C5-17E0-4F4D-A3EF-18820B8DF926}.Debug|Any CPU.Build.0 = Debug|Any CPU
		{930A73C5-17E0-4F4D-A3EF-18820B8DF926}.Debug|x64.ActiveCfg = Debug|Any CPU
		{930A73C5-17E0-4F4D-A3EF-18820B8DF926}.Debug|x64.Build.0 = Debug|Any CPU
		{930A73C5-17E0-4F4D-A3EF-18820B8DF926}.Debug|x86.ActiveCfg = Debug|Any CPU
		{930A73C5-17E0-4F4D-A3EF-18820B8DF926}.Debug|x86.Build.0 = Debug|Any CPU
		{930A73C5-17E0-4F4D-A3EF-18820B8DF926}.Release|Any CPU.ActiveCfg = Release|Any CPU
		{930A73C5-17E0-4F4D-A3EF-18820B8DF926}.Release|Any CPU.Build.0 = Release|Any CPU
		{930A73C5-17E0-4F4D-A3EF-18820B8DF926}.Release|x64.ActiveCfg = Release|Any CPU
		{930A73C5-17E0-4F4D-A3EF-18820B8DF926}.Release|x64.Build.0 = Release|Any CPU
		{930A73C5-17E0-4F4D-A3EF-18820B8DF926}.Release|x86.ActiveCfg = Release|Any CPU
		{930A73C5-17E0-4F4D-A3EF-18820B8DF926}.Release|x86.Build.0 = Release|Any CPU
		{4BBDF7AD-ADD9-40EB-8AAA-9D654CAF1F33}.Debug|Any CPU.ActiveCfg = Debug|Any CPU
		{4BBDF7AD-ADD9-40EB-8AAA-9D654CAF1F33}.Debug|Any CPU.Build.0 = Debug|Any CPU
		{4BBDF7AD-ADD9-40EB-8AAA-9D654CAF1F33}.Debug|x64.ActiveCfg = Debug|Any CPU
		{4BBDF7AD-ADD9-40EB-8AAA-9D654CAF1F33}.Debug|x64.Build.0 = Debug|Any CPU
		{4BBDF7AD-ADD9-40EB-8AAA-9D654CAF1F33}.Debug|x86.ActiveCfg = Debug|Any CPU
		{4BBDF7AD-ADD9-40EB-8AAA-9D654CAF1F33}.Debug|x86.Build.0 = Debug|Any CPU
		{4BBDF7AD-ADD9-40EB-8AAA-9D654CAF1F33}.Release|Any CPU.ActiveCfg = Release|Any CPU
		{4BBDF7AD-ADD9-40EB-8AAA-9D654CAF1F33}.Release|Any CPU.Build.0 = Release|Any CPU
		{4BBDF7AD-ADD9-40EB-8AAA-9D654CAF1F33}.Release|x64.ActiveCfg = Release|Any CPU
		{4BBDF7AD-ADD9-40EB-8AAA-9D654CAF1F33}.Release|x64.Build.0 = Release|Any CPU
		{4BBDF7AD-ADD9-40EB-8AAA-9D654CAF1F33}.Release|x86.ActiveCfg = Release|Any CPU
		{4BBDF7AD-ADD9-40EB-8AAA-9D654CAF1F33}.Release|x86.Build.0 = Release|Any CPU
	EndGlobalSection
	GlobalSection(SolutionProperties) = preSolution
		HideSolutionNode = FALSE
	EndGlobalSection
	GlobalSection(NestedProjects) = preSolution
		{930A73C5-17E0-4F4D-A3EF-18820B8DF926} = {DD0ED1D4-3AE0-4310-BDF3-B08C97FA994A}
	EndGlobalSection
	GlobalSection(ExtensibilityGlobals) = postSolution
		SolutionGuid = {D5A191FE-0026-4161-8D4B-3E41FE986042}
	EndGlobalSection
EndGlobal
