
Microsoft Visual Studio Solution File, Format Version 12.00
# Visual Studio Version 16
VisualStudioVersion = 16.0.30803.129
MinimumVisualStudioVersion = 10.0.40219.1
Project("{FAE04EC0-301F-11D3-BF4B-00C04F79EFBC}") = "AsyncPipeline", "AsyncPipeline\AsyncPipeline.csproj", "{13756087-94DD-4F4E-8463-E65AD0E6416D}"
EndProject
Global
	GlobalSection(SolutionConfigurationPlatforms) = preSolution
		Debug|Any CPU = Debug|Any CPU
		Release|Any CPU = Release|Any CPU
	EndGlobalSection
	GlobalSection(ProjectConfigurationPlatforms) = postSolution
		{13756087-94DD-4F4E-8463-E65AD0E6416D}.Debug|Any CPU.ActiveCfg = Debug|Any CPU
		{13756087-94DD-4F4E-8463-E65AD0E6416D}.Debug|Any CPU.Build.0 = Debug|Any CPU
		{13756087-94DD-4F4E-8463-E65AD0E6416D}.Release|Any CPU.ActiveCfg = Release|Any CPU
		{13756087-94DD-4F4E-8463-E65AD0E6416D}.Release|Any CPU.Build.0 = Release|Any CPU
	EndGlobalSection
	GlobalSection(SolutionProperties) = preSolution
		HideSolutionNode = FALSE
	EndGlobalSection
	GlobalSection(ExtensibilityGlobals) = postSolution
		SolutionGuid = {A25A52BC-01E8-4A31-8FCE-9B62DC8DCC45}
	EndGlobalSection
EndGlobal
