
Microsoft Visual Studio Solution File, Format Version 12.00
# Visual Studio Version 16
VisualStudioVersion = 16.0.30803.129
MinimumVisualStudioVersion = 10.0.40219.1
Project("{FAE04EC0-301F-11D3-BF4B-00C04F79EFBC}") = "Failure", "Failure\Failure.csproj", "{E88CF6DA-FD96-48F4-A62E-D1192E8A855A}"
EndProject
Global
	GlobalSection(SolutionConfigurationPlatforms) = preSolution
		Debug|Any CPU = Debug|Any CPU
		Release|Any CPU = Release|Any CPU
	EndGlobalSection
	GlobalSection(ProjectConfigurationPlatforms) = postSolution
		{E88CF6DA-FD96-48F4-A62E-D1192E8A855A}.Debug|Any CPU.ActiveCfg = Debug|Any CPU
		{E88CF6DA-FD96-48F4-A62E-D1192E8A855A}.Debug|Any CPU.Build.0 = Debug|Any CPU
		{E88CF6DA-FD96-48F4-A62E-D1192E8A855A}.Release|Any CPU.ActiveCfg = Release|Any CPU
		{E88CF6DA-FD96-48F4-A62E-D1192E8A855A}.Release|Any CPU.Build.0 = Release|Any CPU
	EndGlobalSection
	GlobalSection(SolutionProperties) = preSolution
		HideSolutionNode = FALSE
	EndGlobalSection
	GlobalSection(ExtensibilityGlobals) = postSolution
		SolutionGuid = {B1625308-2180-4248-851F-64654C57C35B}
	EndGlobalSection
EndGlobal
