
Microsoft Visual Studio Solution File, Format Version 12.00
# Visual Studio Version 16
VisualStudioVersion = 16.0.30524.135
MinimumVisualStudioVersion = 15.0.26124.0
Project("{9A19103F-16F7-4668-BE54-9A1E7A4F7556}") = "Yield", "Yield\Yield.csproj", "{9E1CDAD5-D743-49EB-9D96-CEE8C40406A0}"
EndProject
Project("{2150E333-8FDC-42A3-9474-1A3956D46DE8}") = "Tests", "Tests", "{ED9DF1F2-49BF-4F0E-883F-25F5B1127E7B}"
EndProject
Project("{FAE04EC0-301F-11D3-BF4B-00C04F79EFBC}") = "Yield.Tests", "Yield.Tests\Yield.Tests.csproj", "{333CC0FF-8A49-4817-A8E8-41656EDDD3F8}"
EndProject
Global
	GlobalSection(SolutionConfigurationPlatforms) = preSolution
		Debug|Any CPU = Debug|Any CPU
		Debug|x64 = Debug|x64
		Debug|x86 = Debug|x86
		Release|Any CPU = Release|Any CPU
		Release|x64 = Release|x64
		Release|x86 = Release|x86
	EndGlobalSection
	GlobalSection(ProjectConfigurationPlatforms) = postSolution
		{9E1CDAD5-D743-49EB-9D96-CEE8C40406A0}.Debug|Any CPU.ActiveCfg = Debug|Any CPU
		{9E1CDAD5-D743-49EB-9D96-CEE8C40406A0}.Debug|Any CPU.Build.0 = Debug|Any CPU
		{9E1CDAD5-D743-49EB-9D96-CEE8C40406A0}.Debug|x64.ActiveCfg = Debug|Any CPU
		{9E1CDAD5-D743-49EB-9D96-CEE8C40406A0}.Debug|x64.Build.0 = Debug|Any CPU
		{9E1CDAD5-D743-49EB-9D96-CEE8C40406A0}.Debug|x86.ActiveCfg = Debug|Any CPU
		{9E1CDAD5-D743-49EB-9D96-CEE8C40406A0}.Debug|x86.Build.0 = Debug|Any CPU
		{9E1CDAD5-D743-49EB-9D96-CEE8C40406A0}.Release|Any CPU.ActiveCfg = Release|Any CPU
		{9E1CDAD5-D743-49EB-9D96-CEE8C40406A0}.Release|Any CPU.Build.0 = Release|Any CPU
		{9E1CDAD5-D743-49EB-9D96-CEE8C40406A0}.Release|x64.ActiveCfg = Release|Any CPU
		{9E1CDAD5-D743-49EB-9D96-CEE8C40406A0}.Release|x64.Build.0 = Release|Any CPU
		{9E1CDAD5-D743-49EB-9D96-CEE8C40406A0}.Release|x86.ActiveCfg = Release|Any CPU
		{9E1CDAD5-D743-49EB-9D96-CEE8C40406A0}.Release|x86.Build.0 = Release|Any CPU
		{333CC0FF-8A49-4817-A8E8-41656EDDD3F8}.Debug|Any CPU.ActiveCfg = Debug|Any CPU
		{333CC0FF-8A49-4817-A8E8-41656EDDD3F8}.Debug|Any CPU.Build.0 = Debug|Any CPU
		{333CC0FF-8A49-4817-A8E8-41656EDDD3F8}.Debug|x64.ActiveCfg = Debug|Any CPU
		{333CC0FF-8A49-4817-A8E8-41656EDDD3F8}.Debug|x64.Build.0 = Debug|Any CPU
		{333CC0FF-8A49-4817-A8E8-41656EDDD3F8}.Debug|x86.ActiveCfg = Debug|Any CPU
		{333CC0FF-8A49-4817-A8E8-41656EDDD3F8}.Debug|x86.Build.0 = Debug|Any CPU
		{333CC0FF-8A49-4817-A8E8-41656EDDD3F8}.Release|Any CPU.ActiveCfg = Release|Any CPU
		{333CC0FF-8A49-4817-A8E8-41656EDDD3F8}.Release|Any CPU.Build.0 = Release|Any CPU
		{333CC0FF-8A49-4817-A8E8-41656EDDD3F8}.Release|x64.ActiveCfg = Release|Any CPU
		{333CC0FF-8A49-4817-A8E8-41656EDDD3F8}.Release|x64.Build.0 = Release|Any CPU
		{333CC0FF-8A49-4817-A8E8-41656EDDD3F8}.Release|x86.ActiveCfg = Release|Any CPU
		{333CC0FF-8A49-4817-A8E8-41656EDDD3F8}.Release|x86.Build.0 = Release|Any CPU
	EndGlobalSection
	GlobalSection(SolutionProperties) = preSolution
		HideSolutionNode = FALSE
	EndGlobalSection
	GlobalSection(NestedProjects) = preSolution
		{333CC0FF-8A49-4817-A8E8-41656EDDD3F8} = {ED9DF1F2-49BF-4F0E-883F-25F5B1127E7B}
	EndGlobalSection
	GlobalSection(ExtensibilityGlobals) = postSolution
		SolutionGuid = {BF399E2F-67E8-4A87-97D5-BD404FF8E682}
	EndGlobalSection
EndGlobal
