
Microsoft Visual Studio Solution File, Format Version 12.00
# Visual Studio Version 16
VisualStudioVersion = 16.0.30330.147
MinimumVisualStudioVersion = 10.0.40219.1
Project("{9A19103F-16F7-4668-BE54-9A1E7A4F7556}") = "UnitTest.Tests", "UnitTest.Tests\UnitTest.Tests.csproj", "{5B2B3D20-E1A2-4199-9987-855442BE6B75}"
EndProject
Project("{2150E333-8FDC-42A3-9474-1A3956D46DE8}") = "Tests", "Tests", "{4BEF3A56-195B-49FA-BCC7-97A154EAF6AE}"
EndProject
Project("{9A19103F-16F7-4668-BE54-9A1E7A4F7556}") = "UnitTest.Data", "UnitTest.Data\UnitTest.Data.csproj", "{7A5076EC-48DD-4537-BB8F-FB1806729DA8}"
EndProject
Project("{9A19103F-16F7-4668-BE54-9A1E7A4F7556}") = "UnitTest.Moq", "UnitTest.Moq\UnitTest.Moq.csproj", "{1E1AFB13-BF65-4B3A-905E-3683205E05C7}"
EndProject
Global
	GlobalSection(SolutionConfigurationPlatforms) = preSolution
		Debug|Any CPU = Debug|Any CPU
		Release|Any CPU = Release|Any CPU
	EndGlobalSection
	GlobalSection(ProjectConfigurationPlatforms) = postSolution
		{5B2B3D20-E1A2-4199-9987-855442BE6B75}.Debug|Any CPU.ActiveCfg = Debug|Any CPU
		{5B2B3D20-E1A2-4199-9987-855442BE6B75}.Debug|Any CPU.Build.0 = Debug|Any CPU
		{5B2B3D20-E1A2-4199-9987-855442BE6B75}.Release|Any CPU.ActiveCfg = Release|Any CPU
		{5B2B3D20-E1A2-4199-9987-855442BE6B75}.Release|Any CPU.Build.0 = Release|Any CPU
		{7A5076EC-48DD-4537-BB8F-FB1806729DA8}.Debug|Any CPU.ActiveCfg = Debug|Any CPU
		{7A5076EC-48DD-4537-BB8F-FB1806729DA8}.Debug|Any CPU.Build.0 = Debug|Any CPU
		{7A5076EC-48DD-4537-BB8F-FB1806729DA8}.Release|Any CPU.ActiveCfg = Release|Any CPU
		{7A5076EC-48DD-4537-BB8F-FB1806729DA8}.Release|Any CPU.Build.0 = Release|Any CPU
		{1E1AFB13-BF65-4B3A-905E-3683205E05C7}.Debug|Any CPU.ActiveCfg = Debug|Any CPU
		{1E1AFB13-BF65-4B3A-905E-3683205E05C7}.Debug|Any CPU.Build.0 = Debug|Any CPU
		{1E1AFB13-BF65-4B3A-905E-3683205E05C7}.Release|Any CPU.ActiveCfg = Release|Any CPU
		{1E1AFB13-BF65-4B3A-905E-3683205E05C7}.Release|Any CPU.Build.0 = Release|Any CPU
	EndGlobalSection
	GlobalSection(SolutionProperties) = preSolution
		HideSolutionNode = FALSE
	EndGlobalSection
	GlobalSection(NestedProjects) = preSolution
		{5B2B3D20-E1A2-4199-9987-855442BE6B75} = {4BEF3A56-195B-49FA-BCC7-97A154EAF6AE}
	EndGlobalSection
	GlobalSection(ExtensibilityGlobals) = postSolution
		SolutionGuid = {48C269E9-85E2-49A8-A08B-5D4A4CBCF107}
	EndGlobalSection
EndGlobal
