
Microsoft Visual Studio Solution File, Format Version 12.00
# Visual Studio Version 16
VisualStudioVersion = 16.0.30104.148
MinimumVisualStudioVersion = 10.0.40219.1
Project("{9A19103F-16F7-4668-BE54-9A1E7A4F7556}") = "PrimeFuncPack.Core", "PrimeFuncPack.Core\PrimeFuncPack.Core.csproj", "{28414E65-8C22-4C14-B29F-7F4D1D5BAC7C}"
EndProject
Project("{9A19103F-16F7-4668-BE54-9A1E7A4F7556}") = "PrimeFuncPack.Core.Box", "PrimeFuncPack.Core.Box\PrimeFuncPack.Core.Box.csproj", "{899B6B4E-A1E7-4041-A816-EB2CCE504451}"
EndProject
Project("{9A19103F-16F7-4668-BE54-9A1E7A4F7556}") = "PrimeFuncPack.Core.ISamenessEquatable", "PrimeFuncPack.Core.ISamenessEquatable\PrimeFuncPack.Core.ISamenessEquatable.csproj", "{1A4E364F-0BEC-4722-93FD-5CAF4470D7FF}"
EndProject
Project("{9A19103F-16F7-4668-BE54-9A1E7A4F7556}") = "PrimeFuncPack.Core.Linq", "PrimeFuncPack.Core.Linq\PrimeFuncPack.Core.Linq.csproj", "{6D28230F-AF87-4965-9AB3-9B7A4F940C00}"
EndProject
Project("{9A19103F-16F7-4668-BE54-9A1E7A4F7556}") = "PrimeFuncPack.Core.Linq.Collections", "PrimeFuncPack.Core.Linq.Collections\PrimeFuncPack.Core.Linq.Collections.csproj", "{2BB804F7-77E2-47E8-83F1-C0A6EF30D641}"
EndProject
Project("{9A19103F-16F7-4668-BE54-9A1E7A4F7556}") = "PrimeFuncPack.Core.Linq.Yield", "PrimeFuncPack.Core.Linq.Yield\PrimeFuncPack.Core.Linq.Yield.csproj", "{DBFC96E1-C716-4A84-84AA-C2F5F019D3BA}"
EndProject
Project("{9A19103F-16F7-4668-BE54-9A1E7A4F7556}") = "PrimeFuncPack.Core.NullPredicates", "PrimeFuncPack.Core.NullPredicates\PrimeFuncPack.Core.NullPredicates.csproj", "{28F5C75D-3B42-4619-84C0-EC73F9D2F1A0}"
EndProject
Project("{9A19103F-16F7-4668-BE54-9A1E7A4F7556}") = "PrimeFuncPack.Core.Optional", "PrimeFuncPack.Core.Optional\PrimeFuncPack.Core.Optional.csproj", "{AC567A83-C677-4EF2-80CD-0A6C67E0A840}"
EndProject
Project("{9A19103F-16F7-4668-BE54-9A1E7A4F7556}") = "PrimeFuncPack.Core.Result", "PrimeFuncPack.Core.Result\PrimeFuncPack.Core.Result.csproj", "{F5BECE60-AD63-4F90-A3F4-BF182231B82A}"
EndProject
Project("{9A19103F-16F7-4668-BE54-9A1E7A4F7556}") = "PrimeFuncPack.Core.TaggedTypes.All", "PrimeFuncPack.Core.TaggedTypes.All\PrimeFuncPack.Core.TaggedTypes.All.csproj", "{E5DD693F-6CA0-45AB-9C7E-F507DE7CE966}"
EndProject
Project("{9A19103F-16F7-4668-BE54-9A1E7A4F7556}") = "PrimeFuncPack.Core.TaggedUnion.Doublet", "PrimeFuncPack.Core.TaggedUnion.Doublet\PrimeFuncPack.Core.TaggedUnion.Doublet.csproj", "{6AFD6C40-6F89-45AF-BCC6-8515862C09DA}"
EndProject
Project("{9A19103F-16F7-4668-BE54-9A1E7A4F7556}") = "PrimeFuncPack.Core.TaggedUnions", "PrimeFuncPack.Core.TaggedUnions\PrimeFuncPack.Core.TaggedUnions.csproj", "{868D03F9-8818-4E32-96FC-4E4417793F59}"
EndProject
Project("{9A19103F-16F7-4668-BE54-9A1E7A4F7556}") = "PrimeFuncPack.Core.Unit", "PrimeFuncPack.Core.Unit\PrimeFuncPack.Core.Unit.csproj", "{E5106C4A-8172-46B1-8E0E-51162585CE04}"
EndProject
Project("{9A19103F-16F7-4668-BE54-9A1E7A4F7556}") = "PrimeFuncPack.Core.ToStringExtensions", "PrimeFuncPack.Core.ToStringExtensions\PrimeFuncPack.Core.ToStringExtensions.csproj", "{C501C6DA-62FF-42AE-8DAD-E2D5D25BFA4A}"
EndProject
Project("{9A19103F-16F7-4668-BE54-9A1E7A4F7556}") = "PrimeFuncPack.Core.Do", "PrimeFuncPack.Core.Do\PrimeFuncPack.Core.Do.csproj", "{324D0EB4-5A21-4FE1-866D-9216DE1783A0}"
EndProject
Global
	GlobalSection(SolutionConfigurationPlatforms) = preSolution
		Debug|Any CPU = Debug|Any CPU
		Release|Any CPU = Release|Any CPU
	EndGlobalSection
	GlobalSection(ProjectConfigurationPlatforms) = postSolution
		{28414E65-8C22-4C14-B29F-7F4D1D5BAC7C}.Debug|Any CPU.ActiveCfg = Debug|Any CPU
		{28414E65-8C22-4C14-B29F-7F4D1D5BAC7C}.Debug|Any CPU.Build.0 = Debug|Any CPU
		{28414E65-8C22-4C14-B29F-7F4D1D5BAC7C}.Release|Any CPU.ActiveCfg = Release|Any CPU
		{28414E65-8C22-4C14-B29F-7F4D1D5BAC7C}.Release|Any CPU.Build.0 = Release|Any CPU
		{899B6B4E-A1E7-4041-A816-EB2CCE504451}.Debug|Any CPU.ActiveCfg = Debug|Any CPU
		{899B6B4E-A1E7-4041-A816-EB2CCE504451}.Debug|Any CPU.Build.0 = Debug|Any CPU
		{899B6B4E-A1E7-4041-A816-EB2CCE504451}.Release|Any CPU.ActiveCfg = Release|Any CPU
		{899B6B4E-A1E7-4041-A816-EB2CCE504451}.Release|Any CPU.Build.0 = Release|Any CPU
		{1A4E364F-0BEC-4722-93FD-5CAF4470D7FF}.Debug|Any CPU.ActiveCfg = Debug|Any CPU
		{1A4E364F-0BEC-4722-93FD-5CAF4470D7FF}.Debug|Any CPU.Build.0 = Debug|Any CPU
		{1A4E364F-0BEC-4722-93FD-5CAF4470D7FF}.Release|Any CPU.ActiveCfg = Release|Any CPU
		{1A4E364F-0BEC-4722-93FD-5CAF4470D7FF}.Release|Any CPU.Build.0 = Release|Any CPU
		{6D28230F-AF87-4965-9AB3-9B7A4F940C00}.Debug|Any CPU.ActiveCfg = Debug|Any CPU
		{6D28230F-AF87-4965-9AB3-9B7A4F940C00}.Debug|Any CPU.Build.0 = Debug|Any CPU
		{6D28230F-AF87-4965-9AB3-9B7A4F940C00}.Release|Any CPU.ActiveCfg = Release|Any CPU
		{6D28230F-AF87-4965-9AB3-9B7A4F940C00}.Release|Any CPU.Build.0 = Release|Any CPU
		{2BB804F7-77E2-47E8-83F1-C0A6EF30D641}.Debug|Any CPU.ActiveCfg = Debug|Any CPU
		{2BB804F7-77E2-47E8-83F1-C0A6EF30D641}.Debug|Any CPU.Build.0 = Debug|Any CPU
		{2BB804F7-77E2-47E8-83F1-C0A6EF30D641}.Release|Any CPU.ActiveCfg = Release|Any CPU
		{2BB804F7-77E2-47E8-83F1-C0A6EF30D641}.Release|Any CPU.Build.0 = Release|Any CPU
		{DBFC96E1-C716-4A84-84AA-C2F5F019D3BA}.Debug|Any CPU.ActiveCfg = Debug|Any CPU
		{DBFC96E1-C716-4A84-84AA-C2F5F019D3BA}.Debug|Any CPU.Build.0 = Debug|Any CPU
		{DBFC96E1-C716-4A84-84AA-C2F5F019D3BA}.Release|Any CPU.ActiveCfg = Release|Any CPU
		{DBFC96E1-C716-4A84-84AA-C2F5F019D3BA}.Release|Any CPU.Build.0 = Release|Any CPU
		{28F5C75D-3B42-4619-84C0-EC73F9D2F1A0}.Debug|Any CPU.ActiveCfg = Debug|Any CPU
		{28F5C75D-3B42-4619-84C0-EC73F9D2F1A0}.Debug|Any CPU.Build.0 = Debug|Any CPU
		{28F5C75D-3B42-4619-84C0-EC73F9D2F1A0}.Release|Any CPU.ActiveCfg = Release|Any CPU
		{28F5C75D-3B42-4619-84C0-EC73F9D2F1A0}.Release|Any CPU.Build.0 = Release|Any CPU
		{AC567A83-C677-4EF2-80CD-0A6C67E0A840}.Debug|Any CPU.ActiveCfg = Debug|Any CPU
		{AC567A83-C677-4EF2-80CD-0A6C67E0A840}.Debug|Any CPU.Build.0 = Debug|Any CPU
		{AC567A83-C677-4EF2-80CD-0A6C67E0A840}.Release|Any CPU.ActiveCfg = Release|Any CPU
		{AC567A83-C677-4EF2-80CD-0A6C67E0A840}.Release|Any CPU.Build.0 = Release|Any CPU
		{F5BECE60-AD63-4F90-A3F4-BF182231B82A}.Debug|Any CPU.ActiveCfg = Debug|Any CPU
		{F5BECE60-AD63-4F90-A3F4-BF182231B82A}.Debug|Any CPU.Build.0 = Debug|Any CPU
		{F5BECE60-AD63-4F90-A3F4-BF182231B82A}.Release|Any CPU.ActiveCfg = Release|Any CPU
		{F5BECE60-AD63-4F90-A3F4-BF182231B82A}.Release|Any CPU.Build.0 = Release|Any CPU
		{E5DD693F-6CA0-45AB-9C7E-F507DE7CE966}.Debug|Any CPU.ActiveCfg = Debug|Any CPU
		{E5DD693F-6CA0-45AB-9C7E-F507DE7CE966}.Debug|Any CPU.Build.0 = Debug|Any CPU
		{E5DD693F-6CA0-45AB-9C7E-F507DE7CE966}.Release|Any CPU.ActiveCfg = Release|Any CPU
		{E5DD693F-6CA0-45AB-9C7E-F507DE7CE966}.Release|Any CPU.Build.0 = Release|Any CPU
		{6AFD6C40-6F89-45AF-BCC6-8515862C09DA}.Debug|Any CPU.ActiveCfg = Debug|Any CPU
		{6AFD6C40-6F89-45AF-BCC6-8515862C09DA}.Debug|Any CPU.Build.0 = Debug|Any CPU
		{6AFD6C40-6F89-45AF-BCC6-8515862C09DA}.Release|Any CPU.ActiveCfg = Release|Any CPU
		{6AFD6C40-6F89-45AF-BCC6-8515862C09DA}.Release|Any CPU.Build.0 = Release|Any CPU
		{868D03F9-8818-4E32-96FC-4E4417793F59}.Debug|Any CPU.ActiveCfg = Debug|Any CPU
		{868D03F9-8818-4E32-96FC-4E4417793F59}.Debug|Any CPU.Build.0 = Debug|Any CPU
		{868D03F9-8818-4E32-96FC-4E4417793F59}.Release|Any CPU.ActiveCfg = Release|Any CPU
		{868D03F9-8818-4E32-96FC-4E4417793F59}.Release|Any CPU.Build.0 = Release|Any CPU
		{E5106C4A-8172-46B1-8E0E-51162585CE04}.Debug|Any CPU.ActiveCfg = Debug|Any CPU
		{E5106C4A-8172-46B1-8E0E-51162585CE04}.Debug|Any CPU.Build.0 = Debug|Any CPU
		{E5106C4A-8172-46B1-8E0E-51162585CE04}.Release|Any CPU.ActiveCfg = Release|Any CPU
		{E5106C4A-8172-46B1-8E0E-51162585CE04}.Release|Any CPU.Build.0 = Release|Any CPU
		{C501C6DA-62FF-42AE-8DAD-E2D5D25BFA4A}.Debug|Any CPU.ActiveCfg = Debug|Any CPU
		{C501C6DA-62FF-42AE-8DAD-E2D5D25BFA4A}.Debug|Any CPU.Build.0 = Debug|Any CPU
		{C501C6DA-62FF-42AE-8DAD-E2D5D25BFA4A}.Release|Any CPU.ActiveCfg = Release|Any CPU
		{C501C6DA-62FF-42AE-8DAD-E2D5D25BFA4A}.Release|Any CPU.Build.0 = Release|Any CPU
		{324D0EB4-5A21-4FE1-866D-9216DE1783A0}.Debug|Any CPU.ActiveCfg = Debug|Any CPU
		{324D0EB4-5A21-4FE1-866D-9216DE1783A0}.Debug|Any CPU.Build.0 = Debug|Any CPU
		{324D0EB4-5A21-4FE1-866D-9216DE1783A0}.Release|Any CPU.ActiveCfg = Release|Any CPU
		{324D0EB4-5A21-4FE1-866D-9216DE1783A0}.Release|Any CPU.Build.0 = Release|Any CPU
	EndGlobalSection
	GlobalSection(SolutionProperties) = preSolution
		HideSolutionNode = FALSE
	EndGlobalSection
	GlobalSection(ExtensibilityGlobals) = postSolution
		SolutionGuid = {8BE62696-366A-4D93-9A1A-D09EEE968B10}
	EndGlobalSection
EndGlobal
