
Microsoft Visual Studio Solution File, Format Version 12.00
# Visual Studio Version 16
VisualStudioVersion = 16.0.30104.148
MinimumVisualStudioVersion = 10.0.40219.1
Project("{9A19103F-16F7-4668-BE54-9A1E7A4F7556}") = "PrimeFuncPack.Core.Unit", "PrimeFuncPack.Core.Unit\PrimeFuncPack.Core.Unit.csproj", "{F3348D56-6954-45C7-93FD-ACE0E466C7D8}"
EndProject
Project("{9A19103F-16F7-4668-BE54-9A1E7A4F7556}") = "PrimeFuncPack.Core.Box", "PrimeFuncPack.Core.Box\PrimeFuncPack.Core.Box.csproj", "{03CEE7F7-CB29-4998-A359-4643172B5E58}"
EndProject
Project("{9A19103F-16F7-4668-BE54-9A1E7A4F7556}") = "PrimeFuncPack.Core.Optional", "PrimeFuncPack.Core.Optional\PrimeFuncPack.Core.Optional.csproj", "{AFD05554-E872-4C47-834C-57867E2742EA}"
EndProject
Project("{9A19103F-16F7-4668-BE54-9A1E7A4F7556}") = "PrimeFuncPack.Core.ISamenessEquatable", "PrimeFuncPack.Core.ISamenessEquatable\PrimeFuncPack.Core.ISamenessEquatable.csproj", "{1246B6C9-7403-43C7-810D-7597D814C86D}"
EndProject
Project("{9A19103F-16F7-4668-BE54-9A1E7A4F7556}") = "PrimeFuncPack.Core.Linq", "PrimeFuncPack.Core.Linq\PrimeFuncPack.Core.Linq.csproj", "{7A1B326D-F5C7-465B-829E-E50C649A8AEE}"
EndProject
Project("{9A19103F-16F7-4668-BE54-9A1E7A4F7556}") = "PrimeFuncPack.Core", "PrimeFuncPack.Core\PrimeFuncPack.Core.csproj", "{B4E78FF8-0946-4206-85D8-1C846CA680D9}"
EndProject
Project("{9A19103F-16F7-4668-BE54-9A1E7A4F7556}") = "PrimeFuncPack.Core.Result", "PrimeFuncPack.Core.Result\PrimeFuncPack.Core.Result.csproj", "{7EA6F20A-53C8-4235-8C40-77C50C0F28D6}"
EndProject
Project("{9A19103F-16F7-4668-BE54-9A1E7A4F7556}") = "PrimeFuncPack.Core.TaggedUnion", "PrimeFuncPack.Core.TaggedUnion\PrimeFuncPack.Core.TaggedUnion.csproj", "{7EF17D85-7125-4AC1-88C5-4FE8E3FA50FA}"
EndProject
Project("{9A19103F-16F7-4668-BE54-9A1E7A4F7556}") = "PrimeFuncPack.Core.NullPredicates", "PrimeFuncPack.Core.NullPredicates\PrimeFuncPack.Core.NullPredicates.csproj", "{7CE6A4C1-A17E-4A39-B29A-7F3D7C617180}"
EndProject
Global
	GlobalSection(SolutionConfigurationPlatforms) = preSolution
		Debug|Any CPU = Debug|Any CPU
		Release|Any CPU = Release|Any CPU
	EndGlobalSection
	GlobalSection(ProjectConfigurationPlatforms) = postSolution
		{F3348D56-6954-45C7-93FD-ACE0E466C7D8}.Debug|Any CPU.ActiveCfg = Debug|Any CPU
		{F3348D56-6954-45C7-93FD-ACE0E466C7D8}.Debug|Any CPU.Build.0 = Debug|Any CPU
		{F3348D56-6954-45C7-93FD-ACE0E466C7D8}.Release|Any CPU.ActiveCfg = Release|Any CPU
		{F3348D56-6954-45C7-93FD-ACE0E466C7D8}.Release|Any CPU.Build.0 = Release|Any CPU
		{03CEE7F7-CB29-4998-A359-4643172B5E58}.Debug|Any CPU.ActiveCfg = Debug|Any CPU
		{03CEE7F7-CB29-4998-A359-4643172B5E58}.Debug|Any CPU.Build.0 = Debug|Any CPU
		{03CEE7F7-CB29-4998-A359-4643172B5E58}.Release|Any CPU.ActiveCfg = Release|Any CPU
		{03CEE7F7-CB29-4998-A359-4643172B5E58}.Release|Any CPU.Build.0 = Release|Any CPU
		{AFD05554-E872-4C47-834C-57867E2742EA}.Debug|Any CPU.ActiveCfg = Debug|Any CPU
		{AFD05554-E872-4C47-834C-57867E2742EA}.Debug|Any CPU.Build.0 = Debug|Any CPU
		{AFD05554-E872-4C47-834C-57867E2742EA}.Release|Any CPU.ActiveCfg = Release|Any CPU
		{AFD05554-E872-4C47-834C-57867E2742EA}.Release|Any CPU.Build.0 = Release|Any CPU
		{1246B6C9-7403-43C7-810D-7597D814C86D}.Debug|Any CPU.ActiveCfg = Debug|Any CPU
		{1246B6C9-7403-43C7-810D-7597D814C86D}.Debug|Any CPU.Build.0 = Debug|Any CPU
		{1246B6C9-7403-43C7-810D-7597D814C86D}.Release|Any CPU.ActiveCfg = Release|Any CPU
		{1246B6C9-7403-43C7-810D-7597D814C86D}.Release|Any CPU.Build.0 = Release|Any CPU
		{7A1B326D-F5C7-465B-829E-E50C649A8AEE}.Debug|Any CPU.ActiveCfg = Debug|Any CPU
		{7A1B326D-F5C7-465B-829E-E50C649A8AEE}.Debug|Any CPU.Build.0 = Debug|Any CPU
		{7A1B326D-F5C7-465B-829E-E50C649A8AEE}.Release|Any CPU.ActiveCfg = Release|Any CPU
		{7A1B326D-F5C7-465B-829E-E50C649A8AEE}.Release|Any CPU.Build.0 = Release|Any CPU
		{B4E78FF8-0946-4206-85D8-1C846CA680D9}.Debug|Any CPU.ActiveCfg = Debug|Any CPU
		{B4E78FF8-0946-4206-85D8-1C846CA680D9}.Debug|Any CPU.Build.0 = Debug|Any CPU
		{B4E78FF8-0946-4206-85D8-1C846CA680D9}.Release|Any CPU.ActiveCfg = Release|Any CPU
		{B4E78FF8-0946-4206-85D8-1C846CA680D9}.Release|Any CPU.Build.0 = Release|Any CPU
		{7EA6F20A-53C8-4235-8C40-77C50C0F28D6}.Debug|Any CPU.ActiveCfg = Debug|Any CPU
		{7EA6F20A-53C8-4235-8C40-77C50C0F28D6}.Debug|Any CPU.Build.0 = Debug|Any CPU
		{7EA6F20A-53C8-4235-8C40-77C50C0F28D6}.Release|Any CPU.ActiveCfg = Release|Any CPU
		{7EA6F20A-53C8-4235-8C40-77C50C0F28D6}.Release|Any CPU.Build.0 = Release|Any CPU
		{7EF17D85-7125-4AC1-88C5-4FE8E3FA50FA}.Debug|Any CPU.ActiveCfg = Debug|Any CPU
		{7EF17D85-7125-4AC1-88C5-4FE8E3FA50FA}.Debug|Any CPU.Build.0 = Debug|Any CPU
		{7EF17D85-7125-4AC1-88C5-4FE8E3FA50FA}.Release|Any CPU.ActiveCfg = Release|Any CPU
		{7EF17D85-7125-4AC1-88C5-4FE8E3FA50FA}.Release|Any CPU.Build.0 = Release|Any CPU
		{7CE6A4C1-A17E-4A39-B29A-7F3D7C617180}.Debug|Any CPU.ActiveCfg = Debug|Any CPU
		{7CE6A4C1-A17E-4A39-B29A-7F3D7C617180}.Debug|Any CPU.Build.0 = Debug|Any CPU
		{7CE6A4C1-A17E-4A39-B29A-7F3D7C617180}.Release|Any CPU.ActiveCfg = Release|Any CPU
		{7CE6A4C1-A17E-4A39-B29A-7F3D7C617180}.Release|Any CPU.Build.0 = Release|Any CPU
	EndGlobalSection
	GlobalSection(SolutionProperties) = preSolution
		HideSolutionNode = FALSE
	EndGlobalSection
	GlobalSection(ExtensibilityGlobals) = postSolution
		SolutionGuid = {8BE62696-366A-4D93-9A1A-D09EEE968B10}
	EndGlobalSection
EndGlobal
