
Microsoft Visual Studio Solution File, Format Version 12.00
# Visual Studio Version 16
VisualStudioVersion = 16.0.30516.212
MinimumVisualStudioVersion = 15.0.26124.0
Project("{2150E333-8FDC-42A3-9474-1A3956D46DE8}") = "Tests", "Tests", "{DEB28829-7E0E-4586-8EA4-68CB30E1E2B0}"
EndProject
Project("{FAE04EC0-301F-11D3-BF4B-00C04F79EFBC}") = "Moq.Tests", "Moq.Tests\Moq.Tests.csproj", "{84FBA458-9D7E-46B7-ADD7-AF76089CD711}"
EndProject
Project("{FAE04EC0-301F-11D3-BF4B-00C04F79EFBC}") = "Moq", "Moq\Moq.csproj", "{957E9B80-F6DA-4D82-BB24-C55B4DFD3875}"
EndProject
Global
	GlobalSection(SolutionConfigurationPlatforms) = preSolution
		Debug|Any CPU = Debug|Any CPU
		Debug|x64 = Debug|x64
		Debug|x86 = Debug|x86
		Release|Any CPU = Release|Any CPU
		Release|x64 = Release|x64
		Release|x86 = Release|x86
	EndGlobalSection
	GlobalSection(ProjectConfigurationPlatforms) = postSolution
		{84FBA458-9D7E-46B7-ADD7-AF76089CD711}.Debug|Any CPU.ActiveCfg = Debug|Any CPU
		{84FBA458-9D7E-46B7-ADD7-AF76089CD711}.Debug|Any CPU.Build.0 = Debug|Any CPU
		{84FBA458-9D7E-46B7-ADD7-AF76089CD711}.Debug|x64.ActiveCfg = Debug|Any CPU
		{84FBA458-9D7E-46B7-ADD7-AF76089CD711}.Debug|x64.Build.0 = Debug|Any CPU
		{84FBA458-9D7E-46B7-ADD7-AF76089CD711}.Debug|x86.ActiveCfg = Debug|Any CPU
		{84FBA458-9D7E-46B7-ADD7-AF76089CD711}.Debug|x86.Build.0 = Debug|Any CPU
		{84FBA458-9D7E-46B7-ADD7-AF76089CD711}.Release|Any CPU.ActiveCfg = Release|Any CPU
		{84FBA458-9D7E-46B7-ADD7-AF76089CD711}.Release|Any CPU.Build.0 = Release|Any CPU
		{84FBA458-9D7E-46B7-ADD7-AF76089CD711}.Release|x64.ActiveCfg = Release|Any CPU
		{84FBA458-9D7E-46B7-ADD7-AF76089CD711}.Release|x64.Build.0 = Release|Any CPU
		{84FBA458-9D7E-46B7-ADD7-AF76089CD711}.Release|x86.ActiveCfg = Release|Any CPU
		{84FBA458-9D7E-46B7-ADD7-AF76089CD711}.Release|x86.Build.0 = Release|Any CPU
		{957E9B80-F6DA-4D82-BB24-C55B4DFD3875}.Debug|Any CPU.ActiveCfg = Debug|Any CPU
		{957E9B80-F6DA-4D82-BB24-C55B4DFD3875}.Debug|Any CPU.Build.0 = Debug|Any CPU
		{957E9B80-F6DA-4D82-BB24-C55B4DFD3875}.Debug|x64.ActiveCfg = Debug|Any CPU
		{957E9B80-F6DA-4D82-BB24-C55B4DFD3875}.Debug|x64.Build.0 = Debug|Any CPU
		{957E9B80-F6DA-4D82-BB24-C55B4DFD3875}.Debug|x86.ActiveCfg = Debug|Any CPU
		{957E9B80-F6DA-4D82-BB24-C55B4DFD3875}.Debug|x86.Build.0 = Debug|Any CPU
		{957E9B80-F6DA-4D82-BB24-C55B4DFD3875}.Release|Any CPU.ActiveCfg = Release|Any CPU
		{957E9B80-F6DA-4D82-BB24-C55B4DFD3875}.Release|Any CPU.Build.0 = Release|Any CPU
		{957E9B80-F6DA-4D82-BB24-C55B4DFD3875}.Release|x64.ActiveCfg = Release|Any CPU
		{957E9B80-F6DA-4D82-BB24-C55B4DFD3875}.Release|x64.Build.0 = Release|Any CPU
		{957E9B80-F6DA-4D82-BB24-C55B4DFD3875}.Release|x86.ActiveCfg = Release|Any CPU
		{957E9B80-F6DA-4D82-BB24-C55B4DFD3875}.Release|x86.Build.0 = Release|Any CPU
	EndGlobalSection
	GlobalSection(SolutionProperties) = preSolution
		HideSolutionNode = FALSE
	EndGlobalSection
	GlobalSection(NestedProjects) = preSolution
		{84FBA458-9D7E-46B7-ADD7-AF76089CD711} = {DEB28829-7E0E-4586-8EA4-68CB30E1E2B0}
	EndGlobalSection
	GlobalSection(ExtensibilityGlobals) = postSolution
		SolutionGuid = {D981D6E5-B3E5-443E-A63E-444E2D7CD263}
	EndGlobalSection
EndGlobal
