
Microsoft Visual Studio Solution File, Format Version 12.00
# Visual Studio Version 16
VisualStudioVersion = 16.0.30524.135
MinimumVisualStudioVersion = 15.0.26124.0
Project("{2150E333-8FDC-42A3-9474-1A3956D46DE8}") = "Tests", "Tests", "{4CFE4FEA-BC5E-482E-8FDA-34C06E4F1EC2}"
EndProject
Project("{FAE04EC0-301F-11D3-BF4B-00C04F79EFBC}") = "Result.Tests", "Result.Tests\Result.Tests.csproj", "{9EF5BC54-1477-453B-B850-E7C22BFB4538}"
EndProject
Project("{FAE04EC0-301F-11D3-BF4B-00C04F79EFBC}") = "Result", "Result\Result.csproj", "{DC037F51-4C68-466C-A29A-C8D8949E4023}"
EndProject
Global
	GlobalSection(SolutionConfigurationPlatforms) = preSolution
		Debug|Any CPU = Debug|Any CPU
		Debug|x64 = Debug|x64
		Debug|x86 = Debug|x86
		Release|Any CPU = Release|Any CPU
		Release|x64 = Release|x64
		Release|x86 = Release|x86
	EndGlobalSection
	GlobalSection(ProjectConfigurationPlatforms) = postSolution
		{9EF5BC54-1477-453B-B850-E7C22BFB4538}.Debug|Any CPU.ActiveCfg = Debug|Any CPU
		{9EF5BC54-1477-453B-B850-E7C22BFB4538}.Debug|Any CPU.Build.0 = Debug|Any CPU
		{9EF5BC54-1477-453B-B850-E7C22BFB4538}.Debug|x64.ActiveCfg = Debug|Any CPU
		{9EF5BC54-1477-453B-B850-E7C22BFB4538}.Debug|x64.Build.0 = Debug|Any CPU
		{9EF5BC54-1477-453B-B850-E7C22BFB4538}.Debug|x86.ActiveCfg = Debug|Any CPU
		{9EF5BC54-1477-453B-B850-E7C22BFB4538}.Debug|x86.Build.0 = Debug|Any CPU
		{9EF5BC54-1477-453B-B850-E7C22BFB4538}.Release|Any CPU.ActiveCfg = Release|Any CPU
		{9EF5BC54-1477-453B-B850-E7C22BFB4538}.Release|Any CPU.Build.0 = Release|Any CPU
		{9EF5BC54-1477-453B-B850-E7C22BFB4538}.Release|x64.ActiveCfg = Release|Any CPU
		{9EF5BC54-1477-453B-B850-E7C22BFB4538}.Release|x64.Build.0 = Release|Any CPU
		{9EF5BC54-1477-453B-B850-E7C22BFB4538}.Release|x86.ActiveCfg = Release|Any CPU
		{9EF5BC54-1477-453B-B850-E7C22BFB4538}.Release|x86.Build.0 = Release|Any CPU
		{DC037F51-4C68-466C-A29A-C8D8949E4023}.Debug|Any CPU.ActiveCfg = Debug|Any CPU
		{DC037F51-4C68-466C-A29A-C8D8949E4023}.Debug|Any CPU.Build.0 = Debug|Any CPU
		{DC037F51-4C68-466C-A29A-C8D8949E4023}.Debug|x64.ActiveCfg = Debug|Any CPU
		{DC037F51-4C68-466C-A29A-C8D8949E4023}.Debug|x64.Build.0 = Debug|Any CPU
		{DC037F51-4C68-466C-A29A-C8D8949E4023}.Debug|x86.ActiveCfg = Debug|Any CPU
		{DC037F51-4C68-466C-A29A-C8D8949E4023}.Debug|x86.Build.0 = Debug|Any CPU
		{DC037F51-4C68-466C-A29A-C8D8949E4023}.Release|Any CPU.ActiveCfg = Release|Any CPU
		{DC037F51-4C68-466C-A29A-C8D8949E4023}.Release|Any CPU.Build.0 = Release|Any CPU
		{DC037F51-4C68-466C-A29A-C8D8949E4023}.Release|x64.ActiveCfg = Release|Any CPU
		{DC037F51-4C68-466C-A29A-C8D8949E4023}.Release|x64.Build.0 = Release|Any CPU
		{DC037F51-4C68-466C-A29A-C8D8949E4023}.Release|x86.ActiveCfg = Release|Any CPU
		{DC037F51-4C68-466C-A29A-C8D8949E4023}.Release|x86.Build.0 = Release|Any CPU
	EndGlobalSection
	GlobalSection(SolutionProperties) = preSolution
		HideSolutionNode = FALSE
	EndGlobalSection
	GlobalSection(NestedProjects) = preSolution
		{9EF5BC54-1477-453B-B850-E7C22BFB4538} = {4CFE4FEA-BC5E-482E-8FDA-34C06E4F1EC2}
	EndGlobalSection
	GlobalSection(ExtensibilityGlobals) = postSolution
		SolutionGuid = {DA8DB8BA-2F01-43AE-9911-E74F9E7FCFDA}
	EndGlobalSection
EndGlobal
