
Microsoft Visual Studio Solution File, Format Version 12.00
# Visual Studio Version 16
VisualStudioVersion = 16.0.30516.212
MinimumVisualStudioVersion = 15.0.26124.0
Project("{2150E333-8FDC-42A3-9474-1A3956D46DE8}") = "Tests", "Tests", "{F546F4CF-359A-4A9F-8A32-D02AC988DC4C}"
EndProject
Project("{FAE04EC0-301F-11D3-BF4B-00C04F79EFBC}") = "Injection.Tests", "Injection.Tests\Injection.Tests.csproj", "{BEDC9C11-E4B5-44CB-A78B-3D0FB5772EEE}"
EndProject
Project("{FAE04EC0-301F-11D3-BF4B-00C04F79EFBC}") = "Injection", "Injection\Injection.csproj", "{3E200091-F33B-489B-A1B5-6468FC1EABCB}"
EndProject
Global
	GlobalSection(SolutionConfigurationPlatforms) = preSolution
		Debug|Any CPU = Debug|Any CPU
		Debug|x64 = Debug|x64
		Debug|x86 = Debug|x86
		Release|Any CPU = Release|Any CPU
		Release|x64 = Release|x64
		Release|x86 = Release|x86
	EndGlobalSection
	GlobalSection(ProjectConfigurationPlatforms) = postSolution
		{BEDC9C11-E4B5-44CB-A78B-3D0FB5772EEE}.Debug|Any CPU.ActiveCfg = Debug|Any CPU
		{BEDC9C11-E4B5-44CB-A78B-3D0FB5772EEE}.Debug|Any CPU.Build.0 = Debug|Any CPU
		{BEDC9C11-E4B5-44CB-A78B-3D0FB5772EEE}.Debug|x64.ActiveCfg = Debug|Any CPU
		{BEDC9C11-E4B5-44CB-A78B-3D0FB5772EEE}.Debug|x64.Build.0 = Debug|Any CPU
		{BEDC9C11-E4B5-44CB-A78B-3D0FB5772EEE}.Debug|x86.ActiveCfg = Debug|Any CPU
		{BEDC9C11-E4B5-44CB-A78B-3D0FB5772EEE}.Debug|x86.Build.0 = Debug|Any CPU
		{BEDC9C11-E4B5-44CB-A78B-3D0FB5772EEE}.Release|Any CPU.ActiveCfg = Release|Any CPU
		{BEDC9C11-E4B5-44CB-A78B-3D0FB5772EEE}.Release|Any CPU.Build.0 = Release|Any CPU
		{BEDC9C11-E4B5-44CB-A78B-3D0FB5772EEE}.Release|x64.ActiveCfg = Release|Any CPU
		{BEDC9C11-E4B5-44CB-A78B-3D0FB5772EEE}.Release|x64.Build.0 = Release|Any CPU
		{BEDC9C11-E4B5-44CB-A78B-3D0FB5772EEE}.Release|x86.ActiveCfg = Release|Any CPU
		{BEDC9C11-E4B5-44CB-A78B-3D0FB5772EEE}.Release|x86.Build.0 = Release|Any CPU
		{3E200091-F33B-489B-A1B5-6468FC1EABCB}.Debug|Any CPU.ActiveCfg = Debug|Any CPU
		{3E200091-F33B-489B-A1B5-6468FC1EABCB}.Debug|Any CPU.Build.0 = Debug|Any CPU
		{3E200091-F33B-489B-A1B5-6468FC1EABCB}.Debug|x64.ActiveCfg = Debug|Any CPU
		{3E200091-F33B-489B-A1B5-6468FC1EABCB}.Debug|x64.Build.0 = Debug|Any CPU
		{3E200091-F33B-489B-A1B5-6468FC1EABCB}.Debug|x86.ActiveCfg = Debug|Any CPU
		{3E200091-F33B-489B-A1B5-6468FC1EABCB}.Debug|x86.Build.0 = Debug|Any CPU
		{3E200091-F33B-489B-A1B5-6468FC1EABCB}.Release|Any CPU.ActiveCfg = Release|Any CPU
		{3E200091-F33B-489B-A1B5-6468FC1EABCB}.Release|Any CPU.Build.0 = Release|Any CPU
		{3E200091-F33B-489B-A1B5-6468FC1EABCB}.Release|x64.ActiveCfg = Release|Any CPU
		{3E200091-F33B-489B-A1B5-6468FC1EABCB}.Release|x64.Build.0 = Release|Any CPU
		{3E200091-F33B-489B-A1B5-6468FC1EABCB}.Release|x86.ActiveCfg = Release|Any CPU
		{3E200091-F33B-489B-A1B5-6468FC1EABCB}.Release|x86.Build.0 = Release|Any CPU
	EndGlobalSection
	GlobalSection(SolutionProperties) = preSolution
		HideSolutionNode = FALSE
	EndGlobalSection
	GlobalSection(NestedProjects) = preSolution
		{BEDC9C11-E4B5-44CB-A78B-3D0FB5772EEE} = {F546F4CF-359A-4A9F-8A32-D02AC988DC4C}
	EndGlobalSection
	GlobalSection(ExtensibilityGlobals) = postSolution
		SolutionGuid = {32B1E1BF-0D61-4892-9561-1B42DE10BB0F}
	EndGlobalSection
EndGlobal
