
Microsoft Visual Studio Solution File, Format Version 12.00
# Visual Studio Version 16
VisualStudioVersion = 16.0.30524.135
MinimumVisualStudioVersion = 15.0.26124.0
Project("{FAE04EC0-301F-11D3-BF4B-00C04F79EFBC}") = "Collections", "Collections\Collections.csproj", "{80C10CC0-9A5B-4430-A094-62138081C606}"
EndProject
Global
	GlobalSection(SolutionConfigurationPlatforms) = preSolution
		Debug|Any CPU = Debug|Any CPU
		Debug|x64 = Debug|x64
		Debug|x86 = Debug|x86
		Release|Any CPU = Release|Any CPU
		Release|x64 = Release|x64
		Release|x86 = Release|x86
	EndGlobalSection
	GlobalSection(ProjectConfigurationPlatforms) = postSolution
		{80C10CC0-9A5B-4430-A094-62138081C606}.Debug|Any CPU.ActiveCfg = Debug|Any CPU
		{80C10CC0-9A5B-4430-A094-62138081C606}.Debug|Any CPU.Build.0 = Debug|Any CPU
		{80C10CC0-9A5B-4430-A094-62138081C606}.Debug|x64.ActiveCfg = Debug|Any CPU
		{80C10CC0-9A5B-4430-A094-62138081C606}.Debug|x64.Build.0 = Debug|Any CPU
		{80C10CC0-9A5B-4430-A094-62138081C606}.Debug|x86.ActiveCfg = Debug|Any CPU
		{80C10CC0-9A5B-4430-A094-62138081C606}.Debug|x86.Build.0 = Debug|Any CPU
		{80C10CC0-9A5B-4430-A094-62138081C606}.Release|Any CPU.ActiveCfg = Release|Any CPU
		{80C10CC0-9A5B-4430-A094-62138081C606}.Release|Any CPU.Build.0 = Release|Any CPU
		{80C10CC0-9A5B-4430-A094-62138081C606}.Release|x64.ActiveCfg = Release|Any CPU
		{80C10CC0-9A5B-4430-A094-62138081C606}.Release|x64.Build.0 = Release|Any CPU
		{80C10CC0-9A5B-4430-A094-62138081C606}.Release|x86.ActiveCfg = Release|Any CPU
		{80C10CC0-9A5B-4430-A094-62138081C606}.Release|x86.Build.0 = Release|Any CPU
	EndGlobalSection
	GlobalSection(SolutionProperties) = preSolution
		HideSolutionNode = FALSE
	EndGlobalSection
	GlobalSection(ExtensibilityGlobals) = postSolution
		SolutionGuid = {0F7D0C0F-C223-4C4A-8B10-775DF49B16E2}
	EndGlobalSection
EndGlobal
