
Microsoft Visual Studio Solution File, Format Version 12.00
# Visual Studio Version 16
VisualStudioVersion = 16.0.30516.212
MinimumVisualStudioVersion = 15.0.26124.0
Project("{2150E333-8FDC-42A3-9474-1A3956D46DE8}") = "Tests", "Tests", "{D564A703-AD38-4100-BCC1-752FECDEFE1F}"
EndProject
Project("{FAE04EC0-301F-11D3-BF4B-00C04F79EFBC}") = "DependencyPipeline.Tests", "DependencyPipeline.Tests\DependencyPipeline.Tests.csproj", "{7471AE91-D267-4526-B945-6E45AC12597B}"
EndProject
Project("{FAE04EC0-301F-11D3-BF4B-00C04F79EFBC}") = "DependencyPipeline", "DependencyPipeline\DependencyPipeline.csproj", "{BEF2973A-0D19-4D59-973C-6333C9AAC893}"
EndProject
Global
	GlobalSection(SolutionConfigurationPlatforms) = preSolution
		Debug|Any CPU = Debug|Any CPU
		Debug|x64 = Debug|x64
		Debug|x86 = Debug|x86
		Release|Any CPU = Release|Any CPU
		Release|x64 = Release|x64
		Release|x86 = Release|x86
	EndGlobalSection
	GlobalSection(ProjectConfigurationPlatforms) = postSolution
		{7471AE91-D267-4526-B945-6E45AC12597B}.Debug|Any CPU.ActiveCfg = Debug|Any CPU
		{7471AE91-D267-4526-B945-6E45AC12597B}.Debug|Any CPU.Build.0 = Debug|Any CPU
		{7471AE91-D267-4526-B945-6E45AC12597B}.Debug|x64.ActiveCfg = Debug|Any CPU
		{7471AE91-D267-4526-B945-6E45AC12597B}.Debug|x64.Build.0 = Debug|Any CPU
		{7471AE91-D267-4526-B945-6E45AC12597B}.Debug|x86.ActiveCfg = Debug|Any CPU
		{7471AE91-D267-4526-B945-6E45AC12597B}.Debug|x86.Build.0 = Debug|Any CPU
		{7471AE91-D267-4526-B945-6E45AC12597B}.Release|Any CPU.ActiveCfg = Release|Any CPU
		{7471AE91-D267-4526-B945-6E45AC12597B}.Release|Any CPU.Build.0 = Release|Any CPU
		{7471AE91-D267-4526-B945-6E45AC12597B}.Release|x64.ActiveCfg = Release|Any CPU
		{7471AE91-D267-4526-B945-6E45AC12597B}.Release|x64.Build.0 = Release|Any CPU
		{7471AE91-D267-4526-B945-6E45AC12597B}.Release|x86.ActiveCfg = Release|Any CPU
		{7471AE91-D267-4526-B945-6E45AC12597B}.Release|x86.Build.0 = Release|Any CPU
		{BEF2973A-0D19-4D59-973C-6333C9AAC893}.Debug|Any CPU.ActiveCfg = Debug|Any CPU
		{BEF2973A-0D19-4D59-973C-6333C9AAC893}.Debug|Any CPU.Build.0 = Debug|Any CPU
		{BEF2973A-0D19-4D59-973C-6333C9AAC893}.Debug|x64.ActiveCfg = Debug|Any CPU
		{BEF2973A-0D19-4D59-973C-6333C9AAC893}.Debug|x64.Build.0 = Debug|Any CPU
		{BEF2973A-0D19-4D59-973C-6333C9AAC893}.Debug|x86.ActiveCfg = Debug|Any CPU
		{BEF2973A-0D19-4D59-973C-6333C9AAC893}.Debug|x86.Build.0 = Debug|Any CPU
		{BEF2973A-0D19-4D59-973C-6333C9AAC893}.Release|Any CPU.ActiveCfg = Release|Any CPU
		{BEF2973A-0D19-4D59-973C-6333C9AAC893}.Release|Any CPU.Build.0 = Release|Any CPU
		{BEF2973A-0D19-4D59-973C-6333C9AAC893}.Release|x64.ActiveCfg = Release|Any CPU
		{BEF2973A-0D19-4D59-973C-6333C9AAC893}.Release|x64.Build.0 = Release|Any CPU
		{BEF2973A-0D19-4D59-973C-6333C9AAC893}.Release|x86.ActiveCfg = Release|Any CPU
		{BEF2973A-0D19-4D59-973C-6333C9AAC893}.Release|x86.Build.0 = Release|Any CPU
	EndGlobalSection
	GlobalSection(SolutionProperties) = preSolution
		HideSolutionNode = FALSE
	EndGlobalSection
	GlobalSection(NestedProjects) = preSolution
		{7471AE91-D267-4526-B945-6E45AC12597B} = {D564A703-AD38-4100-BCC1-752FECDEFE1F}
	EndGlobalSection
	GlobalSection(ExtensibilityGlobals) = postSolution
		SolutionGuid = {6E9C4767-6AFA-4306-8CD1-8D69FF86BFC0}
	EndGlobalSection
EndGlobal
