
Microsoft Visual Studio Solution File, Format Version 12.00
# Visual Studio Version 16
VisualStudioVersion = 16.0.30104.148
MinimumVisualStudioVersion = 10.0.40219.1
Project("{9A19103F-16F7-4668-BE54-9A1E7A4F7556}") = "Infrastructure", "Infrastructure\Infrastructure.csproj", "{33A1A4C6-69CC-4282-A766-A0B49AE6758F}"
EndProject
Project("{9A19103F-16F7-4668-BE54-9A1E7A4F7556}") = "Infrastructure.Box", "Infrastructure.Box\Infrastructure.Box.csproj", "{A6763225-7D63-44B7-A88B-C534C823BEB5}"
EndProject
Project("{9A19103F-16F7-4668-BE54-9A1E7A4F7556}") = "Infrastructure.ISamenessEquatable", "Infrastructure.ISamenessEquatable\Infrastructure.ISamenessEquatable.csproj", "{24629D14-D9F9-400D-A814-197F0173758E}"
EndProject
Project("{2150E333-8FDC-42A3-9474-1A3956D46DE8}") = "Tests", "Tests", "{BCF16A7F-624E-41A9-8842-4D613A9215C1}"
EndProject
Project("{FAE04EC0-301F-11D3-BF4B-00C04F79EFBC}") = "Infrastructure.Tests", "Infrastructure.Tests\Infrastructure.Tests.csproj", "{4EFB69F4-F851-4393-8D67-D779265822C2}"
EndProject
Global
	GlobalSection(SolutionConfigurationPlatforms) = preSolution
		Debug|Any CPU = Debug|Any CPU
		Release|Any CPU = Release|Any CPU
	EndGlobalSection
	GlobalSection(ProjectConfigurationPlatforms) = postSolution
		{33A1A4C6-69CC-4282-A766-A0B49AE6758F}.Debug|Any CPU.ActiveCfg = Debug|Any CPU
		{33A1A4C6-69CC-4282-A766-A0B49AE6758F}.Debug|Any CPU.Build.0 = Debug|Any CPU
		{33A1A4C6-69CC-4282-A766-A0B49AE6758F}.Release|Any CPU.ActiveCfg = Release|Any CPU
		{33A1A4C6-69CC-4282-A766-A0B49AE6758F}.Release|Any CPU.Build.0 = Release|Any CPU
		{A6763225-7D63-44B7-A88B-C534C823BEB5}.Debug|Any CPU.ActiveCfg = Debug|Any CPU
		{A6763225-7D63-44B7-A88B-C534C823BEB5}.Debug|Any CPU.Build.0 = Debug|Any CPU
		{A6763225-7D63-44B7-A88B-C534C823BEB5}.Release|Any CPU.ActiveCfg = Release|Any CPU
		{A6763225-7D63-44B7-A88B-C534C823BEB5}.Release|Any CPU.Build.0 = Release|Any CPU
		{24629D14-D9F9-400D-A814-197F0173758E}.Debug|Any CPU.ActiveCfg = Debug|Any CPU
		{24629D14-D9F9-400D-A814-197F0173758E}.Debug|Any CPU.Build.0 = Debug|Any CPU
		{24629D14-D9F9-400D-A814-197F0173758E}.Release|Any CPU.ActiveCfg = Release|Any CPU
		{24629D14-D9F9-400D-A814-197F0173758E}.Release|Any CPU.Build.0 = Release|Any CPU
		{4EFB69F4-F851-4393-8D67-D779265822C2}.Debug|Any CPU.ActiveCfg = Debug|Any CPU
		{4EFB69F4-F851-4393-8D67-D779265822C2}.Debug|Any CPU.Build.0 = Debug|Any CPU
		{4EFB69F4-F851-4393-8D67-D779265822C2}.Release|Any CPU.ActiveCfg = Release|Any CPU
		{4EFB69F4-F851-4393-8D67-D779265822C2}.Release|Any CPU.Build.0 = Release|Any CPU
	EndGlobalSection
	GlobalSection(SolutionProperties) = preSolution
		HideSolutionNode = FALSE
	EndGlobalSection
	GlobalSection(NestedProjects) = preSolution
		{4EFB69F4-F851-4393-8D67-D779265822C2} = {BCF16A7F-624E-41A9-8842-4D613A9215C1}
	EndGlobalSection
	GlobalSection(ExtensibilityGlobals) = postSolution
		SolutionGuid = {8BE62696-366A-4D93-9A1A-D09EEE968B10}
	EndGlobalSection
EndGlobal
