
Microsoft Visual Studio Solution File, Format Version 12.00
# Visual Studio Version 16
VisualStudioVersion = 16.0.30524.135
MinimumVisualStudioVersion = 15.0.26124.0
Project("{2150E333-8FDC-42A3-9474-1A3956D46DE8}") = "Tests", "Tests", "{31F58849-B465-4DC8-8B1D-20478E985E19}"
EndProject
Project("{FAE04EC0-301F-11D3-BF4B-00C04F79EFBC}") = "Unit.Tests", "Unit.Tests\Unit.Tests.csproj", "{1147142F-D62D-49F9-828A-285ACD11E6D9}"
EndProject
Project("{FAE04EC0-301F-11D3-BF4B-00C04F79EFBC}") = "Unit", "Unit\Unit.csproj", "{566F9EAA-F29B-429A-8E3A-0698EB7BDF73}"
EndProject
Global
	GlobalSection(SolutionConfigurationPlatforms) = preSolution
		Debug|Any CPU = Debug|Any CPU
		Debug|x64 = Debug|x64
		Debug|x86 = Debug|x86
		Release|Any CPU = Release|Any CPU
		Release|x64 = Release|x64
		Release|x86 = Release|x86
	EndGlobalSection
	GlobalSection(ProjectConfigurationPlatforms) = postSolution
		{1147142F-D62D-49F9-828A-285ACD11E6D9}.Debug|Any CPU.ActiveCfg = Debug|Any CPU
		{1147142F-D62D-49F9-828A-285ACD11E6D9}.Debug|Any CPU.Build.0 = Debug|Any CPU
		{1147142F-D62D-49F9-828A-285ACD11E6D9}.Debug|x64.ActiveCfg = Debug|Any CPU
		{1147142F-D62D-49F9-828A-285ACD11E6D9}.Debug|x64.Build.0 = Debug|Any CPU
		{1147142F-D62D-49F9-828A-285ACD11E6D9}.Debug|x86.ActiveCfg = Debug|Any CPU
		{1147142F-D62D-49F9-828A-285ACD11E6D9}.Debug|x86.Build.0 = Debug|Any CPU
		{1147142F-D62D-49F9-828A-285ACD11E6D9}.Release|Any CPU.ActiveCfg = Release|Any CPU
		{1147142F-D62D-49F9-828A-285ACD11E6D9}.Release|Any CPU.Build.0 = Release|Any CPU
		{1147142F-D62D-49F9-828A-285ACD11E6D9}.Release|x64.ActiveCfg = Release|Any CPU
		{1147142F-D62D-49F9-828A-285ACD11E6D9}.Release|x64.Build.0 = Release|Any CPU
		{1147142F-D62D-49F9-828A-285ACD11E6D9}.Release|x86.ActiveCfg = Release|Any CPU
		{1147142F-D62D-49F9-828A-285ACD11E6D9}.Release|x86.Build.0 = Release|Any CPU
		{566F9EAA-F29B-429A-8E3A-0698EB7BDF73}.Debug|Any CPU.ActiveCfg = Debug|Any CPU
		{566F9EAA-F29B-429A-8E3A-0698EB7BDF73}.Debug|Any CPU.Build.0 = Debug|Any CPU
		{566F9EAA-F29B-429A-8E3A-0698EB7BDF73}.Debug|x64.ActiveCfg = Debug|Any CPU
		{566F9EAA-F29B-429A-8E3A-0698EB7BDF73}.Debug|x64.Build.0 = Debug|Any CPU
		{566F9EAA-F29B-429A-8E3A-0698EB7BDF73}.Debug|x86.ActiveCfg = Debug|Any CPU
		{566F9EAA-F29B-429A-8E3A-0698EB7BDF73}.Debug|x86.Build.0 = Debug|Any CPU
		{566F9EAA-F29B-429A-8E3A-0698EB7BDF73}.Release|Any CPU.ActiveCfg = Release|Any CPU
		{566F9EAA-F29B-429A-8E3A-0698EB7BDF73}.Release|Any CPU.Build.0 = Release|Any CPU
		{566F9EAA-F29B-429A-8E3A-0698EB7BDF73}.Release|x64.ActiveCfg = Release|Any CPU
		{566F9EAA-F29B-429A-8E3A-0698EB7BDF73}.Release|x64.Build.0 = Release|Any CPU
		{566F9EAA-F29B-429A-8E3A-0698EB7BDF73}.Release|x86.ActiveCfg = Release|Any CPU
		{566F9EAA-F29B-429A-8E3A-0698EB7BDF73}.Release|x86.Build.0 = Release|Any CPU
	EndGlobalSection
	GlobalSection(SolutionProperties) = preSolution
		HideSolutionNode = FALSE
	EndGlobalSection
	GlobalSection(NestedProjects) = preSolution
		{1147142F-D62D-49F9-828A-285ACD11E6D9} = {31F58849-B465-4DC8-8B1D-20478E985E19}
	EndGlobalSection
	GlobalSection(ExtensibilityGlobals) = postSolution
		SolutionGuid = {C97918FD-7373-406F-AE36-4153DAAE1CF0}
	EndGlobalSection
EndGlobal
