
Microsoft Visual Studio Solution File, Format Version 12.00
# Visual Studio Version 16
VisualStudioVersion = 16.0.30104.148
MinimumVisualStudioVersion = 10.0.40219.1
Project("{9A19103F-16F7-4668-BE54-9A1E7A4F7556}") = "Core", "Core\Core.csproj", "{28414E65-8C22-4C14-B29F-7F4D1D5BAC7C}"
EndProject
Global
	GlobalSection(SolutionConfigurationPlatforms) = preSolution
		Debug|Any CPU = Debug|Any CPU
		Release|Any CPU = Release|Any CPU
	EndGlobalSection
	GlobalSection(ProjectConfigurationPlatforms) = postSolution
		{28414E65-8C22-4C14-B29F-7F4D1D5BAC7C}.Debug|Any CPU.ActiveCfg = Debug|Any CPU
		{28414E65-8C22-4C14-B29F-7F4D1D5BAC7C}.Debug|Any CPU.Build.0 = Debug|Any CPU
		{28414E65-8C22-4C14-B29F-7F4D1D5BAC7C}.Release|Any CPU.ActiveCfg = Release|Any CPU
		{28414E65-8C22-4C14-B29F-7F4D1D5BAC7C}.Release|Any CPU.Build.0 = Release|Any CPU
	EndGlobalSection
	GlobalSection(SolutionProperties) = preSolution
		HideSolutionNode = FALSE
	EndGlobalSection
	GlobalSection(ExtensibilityGlobals) = postSolution
		SolutionGuid = {8BE62696-366A-4D93-9A1A-D09EEE968B10}
	EndGlobalSection
EndGlobal
