
Microsoft Visual Studio Solution File, Format Version 12.00
# Visual Studio Version 16
VisualStudioVersion = 16.0.30516.212
MinimumVisualStudioVersion = 15.0.26124.0
Project("{2150E333-8FDC-42A3-9474-1A3956D46DE8}") = "Tests", "Tests", "{172591A5-0F4F-4BD7-9A15-3EDF8F0061D4}"
EndProject
Project("{FAE04EC0-301F-11D3-BF4B-00C04F79EFBC}") = "Data.Tests", "Data.Tests\Data.Tests.csproj", "{3D1F635F-566F-4ABC-A168-8A326BFF9FB0}"
EndProject
Project("{FAE04EC0-301F-11D3-BF4B-00C04F79EFBC}") = "Data", "Data\Data.csproj", "{48DA09B9-A390-4D60-8234-999E9C54B52A}"
EndProject
Global
	GlobalSection(SolutionConfigurationPlatforms) = preSolution
		Debug|Any CPU = Debug|Any CPU
		Debug|x64 = Debug|x64
		Debug|x86 = Debug|x86
		Release|Any CPU = Release|Any CPU
		Release|x64 = Release|x64
		Release|x86 = Release|x86
	EndGlobalSection
	GlobalSection(ProjectConfigurationPlatforms) = postSolution
		{3D1F635F-566F-4ABC-A168-8A326BFF9FB0}.Debug|Any CPU.ActiveCfg = Debug|Any CPU
		{3D1F635F-566F-4ABC-A168-8A326BFF9FB0}.Debug|Any CPU.Build.0 = Debug|Any CPU
		{3D1F635F-566F-4ABC-A168-8A326BFF9FB0}.Debug|x64.ActiveCfg = Debug|Any CPU
		{3D1F635F-566F-4ABC-A168-8A326BFF9FB0}.Debug|x64.Build.0 = Debug|Any CPU
		{3D1F635F-566F-4ABC-A168-8A326BFF9FB0}.Debug|x86.ActiveCfg = Debug|Any CPU
		{3D1F635F-566F-4ABC-A168-8A326BFF9FB0}.Debug|x86.Build.0 = Debug|Any CPU
		{3D1F635F-566F-4ABC-A168-8A326BFF9FB0}.Release|Any CPU.ActiveCfg = Release|Any CPU
		{3D1F635F-566F-4ABC-A168-8A326BFF9FB0}.Release|Any CPU.Build.0 = Release|Any CPU
		{3D1F635F-566F-4ABC-A168-8A326BFF9FB0}.Release|x64.ActiveCfg = Release|Any CPU
		{3D1F635F-566F-4ABC-A168-8A326BFF9FB0}.Release|x64.Build.0 = Release|Any CPU
		{3D1F635F-566F-4ABC-A168-8A326BFF9FB0}.Release|x86.ActiveCfg = Release|Any CPU
		{3D1F635F-566F-4ABC-A168-8A326BFF9FB0}.Release|x86.Build.0 = Release|Any CPU
		{48DA09B9-A390-4D60-8234-999E9C54B52A}.Debug|Any CPU.ActiveCfg = Debug|Any CPU
		{48DA09B9-A390-4D60-8234-999E9C54B52A}.Debug|Any CPU.Build.0 = Debug|Any CPU
		{48DA09B9-A390-4D60-8234-999E9C54B52A}.Debug|x64.ActiveCfg = Debug|Any CPU
		{48DA09B9-A390-4D60-8234-999E9C54B52A}.Debug|x64.Build.0 = Debug|Any CPU
		{48DA09B9-A390-4D60-8234-999E9C54B52A}.Debug|x86.ActiveCfg = Debug|Any CPU
		{48DA09B9-A390-4D60-8234-999E9C54B52A}.Debug|x86.Build.0 = Debug|Any CPU
		{48DA09B9-A390-4D60-8234-999E9C54B52A}.Release|Any CPU.ActiveCfg = Release|Any CPU
		{48DA09B9-A390-4D60-8234-999E9C54B52A}.Release|Any CPU.Build.0 = Release|Any CPU
		{48DA09B9-A390-4D60-8234-999E9C54B52A}.Release|x64.ActiveCfg = Release|Any CPU
		{48DA09B9-A390-4D60-8234-999E9C54B52A}.Release|x64.Build.0 = Release|Any CPU
		{48DA09B9-A390-4D60-8234-999E9C54B52A}.Release|x86.ActiveCfg = Release|Any CPU
		{48DA09B9-A390-4D60-8234-999E9C54B52A}.Release|x86.Build.0 = Release|Any CPU
	EndGlobalSection
	GlobalSection(SolutionProperties) = preSolution
		HideSolutionNode = FALSE
	EndGlobalSection
	GlobalSection(NestedProjects) = preSolution
		{3D1F635F-566F-4ABC-A168-8A326BFF9FB0} = {172591A5-0F4F-4BD7-9A15-3EDF8F0061D4}
	EndGlobalSection
	GlobalSection(ExtensibilityGlobals) = postSolution
		SolutionGuid = {9BC95853-DAAF-4D71-8F43-8A3B647F60AF}
	EndGlobalSection
EndGlobal
