
Microsoft Visual Studio Solution File, Format Version 12.00
# Visual Studio Version 16
VisualStudioVersion = 16.0.30524.135
MinimumVisualStudioVersion = 15.0.26124.0
Project("{2150E333-8FDC-42A3-9474-1A3956D46DE8}") = "Tests", "Tests", "{F172C7AE-3721-48C7-8F2D-E67FF59C35D5}"
EndProject
Project("{FAE04EC0-301F-11D3-BF4B-00C04F79EFBC}") = "Pipeline.Tests", "Pipeline.Tests\Pipeline.Tests.csproj", "{459E6BBB-9223-4BDC-9D4D-2989D4045AE2}"
EndProject
Project("{FAE04EC0-301F-11D3-BF4B-00C04F79EFBC}") = "Pipeline", "Pipeline\Pipeline.csproj", "{AA20B32A-669C-4F88-951F-A6B21849CF51}"
EndProject
Global
	GlobalSection(SolutionConfigurationPlatforms) = preSolution
		Debug|Any CPU = Debug|Any CPU
		Debug|x64 = Debug|x64
		Debug|x86 = Debug|x86
		Release|Any CPU = Release|Any CPU
		Release|x64 = Release|x64
		Release|x86 = Release|x86
	EndGlobalSection
	GlobalSection(ProjectConfigurationPlatforms) = postSolution
		{459E6BBB-9223-4BDC-9D4D-2989D4045AE2}.Debug|Any CPU.ActiveCfg = Debug|Any CPU
		{459E6BBB-9223-4BDC-9D4D-2989D4045AE2}.Debug|Any CPU.Build.0 = Debug|Any CPU
		{459E6BBB-9223-4BDC-9D4D-2989D4045AE2}.Debug|x64.ActiveCfg = Debug|Any CPU
		{459E6BBB-9223-4BDC-9D4D-2989D4045AE2}.Debug|x64.Build.0 = Debug|Any CPU
		{459E6BBB-9223-4BDC-9D4D-2989D4045AE2}.Debug|x86.ActiveCfg = Debug|Any CPU
		{459E6BBB-9223-4BDC-9D4D-2989D4045AE2}.Debug|x86.Build.0 = Debug|Any CPU
		{459E6BBB-9223-4BDC-9D4D-2989D4045AE2}.Release|Any CPU.ActiveCfg = Release|Any CPU
		{459E6BBB-9223-4BDC-9D4D-2989D4045AE2}.Release|Any CPU.Build.0 = Release|Any CPU
		{459E6BBB-9223-4BDC-9D4D-2989D4045AE2}.Release|x64.ActiveCfg = Release|Any CPU
		{459E6BBB-9223-4BDC-9D4D-2989D4045AE2}.Release|x64.Build.0 = Release|Any CPU
		{459E6BBB-9223-4BDC-9D4D-2989D4045AE2}.Release|x86.ActiveCfg = Release|Any CPU
		{459E6BBB-9223-4BDC-9D4D-2989D4045AE2}.Release|x86.Build.0 = Release|Any CPU
		{AA20B32A-669C-4F88-951F-A6B21849CF51}.Debug|Any CPU.ActiveCfg = Debug|Any CPU
		{AA20B32A-669C-4F88-951F-A6B21849CF51}.Debug|Any CPU.Build.0 = Debug|Any CPU
		{AA20B32A-669C-4F88-951F-A6B21849CF51}.Debug|x64.ActiveCfg = Debug|Any CPU
		{AA20B32A-669C-4F88-951F-A6B21849CF51}.Debug|x64.Build.0 = Debug|Any CPU
		{AA20B32A-669C-4F88-951F-A6B21849CF51}.Debug|x86.ActiveCfg = Debug|Any CPU
		{AA20B32A-669C-4F88-951F-A6B21849CF51}.Debug|x86.Build.0 = Debug|Any CPU
		{AA20B32A-669C-4F88-951F-A6B21849CF51}.Release|Any CPU.ActiveCfg = Release|Any CPU
		{AA20B32A-669C-4F88-951F-A6B21849CF51}.Release|Any CPU.Build.0 = Release|Any CPU
		{AA20B32A-669C-4F88-951F-A6B21849CF51}.Release|x64.ActiveCfg = Release|Any CPU
		{AA20B32A-669C-4F88-951F-A6B21849CF51}.Release|x64.Build.0 = Release|Any CPU
		{AA20B32A-669C-4F88-951F-A6B21849CF51}.Release|x86.ActiveCfg = Release|Any CPU
		{AA20B32A-669C-4F88-951F-A6B21849CF51}.Release|x86.Build.0 = Release|Any CPU
	EndGlobalSection
	GlobalSection(SolutionProperties) = preSolution
		HideSolutionNode = FALSE
	EndGlobalSection
	GlobalSection(NestedProjects) = preSolution
		{459E6BBB-9223-4BDC-9D4D-2989D4045AE2} = {F172C7AE-3721-48C7-8F2D-E67FF59C35D5}
	EndGlobalSection
	GlobalSection(ExtensibilityGlobals) = postSolution
		SolutionGuid = {67619142-6A32-45CD-8F03-F008050F6C14}
	EndGlobalSection
EndGlobal
