
Microsoft Visual Studio Solution File, Format Version 12.00
# Visual Studio Version 16
VisualStudioVersion = 16.0.30104.148
MinimumVisualStudioVersion = 10.0.40219.1
Project("{9A19103F-16F7-4668-BE54-9A1E7A4F7556}") = "Objects", "Objects\Objects.csproj", "{24DE035C-0115-4E48-9F4F-4680F28E5796}"
EndProject
Project("{9A19103F-16F7-4668-BE54-9A1E7A4F7556}") = "Objects.ObjectExtensions", "Objects.ObjectExtensions\Objects.ObjectExtensions.csproj", "{790491ED-32C8-465A-83C3-19C481E47637}"
EndProject
Project("{9A19103F-16F7-4668-BE54-9A1E7A4F7556}") = "Objects.ObjectPredicates", "Objects.ObjectPredicates\Objects.ObjectPredicates.csproj", "{759E69F6-EA66-4493-BB9D-E481DEAE972D}"
EndProject
Global
	GlobalSection(SolutionConfigurationPlatforms) = preSolution
		Debug|Any CPU = Debug|Any CPU
		Release|Any CPU = Release|Any CPU
	EndGlobalSection
	GlobalSection(ProjectConfigurationPlatforms) = postSolution
		{24DE035C-0115-4E48-9F4F-4680F28E5796}.Debug|Any CPU.ActiveCfg = Debug|Any CPU
		{24DE035C-0115-4E48-9F4F-4680F28E5796}.Debug|Any CPU.Build.0 = Debug|Any CPU
		{24DE035C-0115-4E48-9F4F-4680F28E5796}.Release|Any CPU.ActiveCfg = Release|Any CPU
		{24DE035C-0115-4E48-9F4F-4680F28E5796}.Release|Any CPU.Build.0 = Release|Any CPU
		{790491ED-32C8-465A-83C3-19C481E47637}.Debug|Any CPU.ActiveCfg = Debug|Any CPU
		{790491ED-32C8-465A-83C3-19C481E47637}.Debug|Any CPU.Build.0 = Debug|Any CPU
		{790491ED-32C8-465A-83C3-19C481E47637}.Release|Any CPU.ActiveCfg = Release|Any CPU
		{790491ED-32C8-465A-83C3-19C481E47637}.Release|Any CPU.Build.0 = Release|Any CPU
		{759E69F6-EA66-4493-BB9D-E481DEAE972D}.Debug|Any CPU.ActiveCfg = Debug|Any CPU
		{759E69F6-EA66-4493-BB9D-E481DEAE972D}.Debug|Any CPU.Build.0 = Debug|Any CPU
		{759E69F6-EA66-4493-BB9D-E481DEAE972D}.Release|Any CPU.ActiveCfg = Release|Any CPU
		{759E69F6-EA66-4493-BB9D-E481DEAE972D}.Release|Any CPU.Build.0 = Release|Any CPU
	EndGlobalSection
	GlobalSection(SolutionProperties) = preSolution
		HideSolutionNode = FALSE
	EndGlobalSection
	GlobalSection(ExtensibilityGlobals) = postSolution
		SolutionGuid = {8BE62696-366A-4D93-9A1A-D09EEE968B10}
	EndGlobalSection
EndGlobal
