
Microsoft Visual Studio Solution File, Format Version 12.00
# Visual Studio Version 16
VisualStudioVersion = 16.0.30104.148
MinimumVisualStudioVersion = 10.0.40219.1
Project("{9A19103F-16F7-4668-BE54-9A1E7A4F7556}") = "Objects", "Objects\Objects.csproj", "{24DE035C-0115-4E48-9F4F-4680F28E5796}"
EndProject
Project("{9A19103F-16F7-4668-BE54-9A1E7A4F7556}") = "Objects.Objects", "Objects.Objects\Objects.Objects.csproj", "{579EDAE5-C3CC-4A38-A3CC-860352186149}"
EndProject
Project("{9A19103F-16F7-4668-BE54-9A1E7A4F7556}") = "Objects.Strings", "Objects.Strings\Objects.Strings.csproj", "{AB4D0D69-1285-4233-8879-6F309D916683}"
EndProject
Project("{9A19103F-16F7-4668-BE54-9A1E7A4F7556}") = "Objects.Strings.Extras", "Objects.Strings.Extras\Objects.Strings.Extras.csproj", "{69179AF0-2FC4-4244-8812-15D7541BE1EA}"
EndProject
Project("{2150E333-8FDC-42A3-9474-1A3956D46DE8}") = "Tests", "Tests", "{FE3B90B7-16BF-4E18-BD28-E007CD45F39E}"
EndProject
Project("{FAE04EC0-301F-11D3-BF4B-00C04F79EFBC}") = "Objects.Tests", "Objects.Tests\Objects.Tests.csproj", "{A70BD1E1-4066-4CD7-80A1-D2BAD8DD8CE6}"
EndProject
Global
	GlobalSection(SolutionConfigurationPlatforms) = preSolution
		Debug|Any CPU = Debug|Any CPU
		Release|Any CPU = Release|Any CPU
	EndGlobalSection
	GlobalSection(ProjectConfigurationPlatforms) = postSolution
		{24DE035C-0115-4E48-9F4F-4680F28E5796}.Debug|Any CPU.ActiveCfg = Debug|Any CPU
		{24DE035C-0115-4E48-9F4F-4680F28E5796}.Debug|Any CPU.Build.0 = Debug|Any CPU
		{24DE035C-0115-4E48-9F4F-4680F28E5796}.Release|Any CPU.ActiveCfg = Release|Any CPU
		{24DE035C-0115-4E48-9F4F-4680F28E5796}.Release|Any CPU.Build.0 = Release|Any CPU
		{579EDAE5-C3CC-4A38-A3CC-860352186149}.Debug|Any CPU.ActiveCfg = Debug|Any CPU
		{579EDAE5-C3CC-4A38-A3CC-860352186149}.Debug|Any CPU.Build.0 = Debug|Any CPU
		{579EDAE5-C3CC-4A38-A3CC-860352186149}.Release|Any CPU.ActiveCfg = Release|Any CPU
		{579EDAE5-C3CC-4A38-A3CC-860352186149}.Release|Any CPU.Build.0 = Release|Any CPU
		{AB4D0D69-1285-4233-8879-6F309D916683}.Debug|Any CPU.ActiveCfg = Debug|Any CPU
		{AB4D0D69-1285-4233-8879-6F309D916683}.Debug|Any CPU.Build.0 = Debug|Any CPU
		{AB4D0D69-1285-4233-8879-6F309D916683}.Release|Any CPU.ActiveCfg = Release|Any CPU
		{AB4D0D69-1285-4233-8879-6F309D916683}.Release|Any CPU.Build.0 = Release|Any CPU
		{69179AF0-2FC4-4244-8812-15D7541BE1EA}.Debug|Any CPU.ActiveCfg = Debug|Any CPU
		{69179AF0-2FC4-4244-8812-15D7541BE1EA}.Debug|Any CPU.Build.0 = Debug|Any CPU
		{69179AF0-2FC4-4244-8812-15D7541BE1EA}.Release|Any CPU.ActiveCfg = Release|Any CPU
		{69179AF0-2FC4-4244-8812-15D7541BE1EA}.Release|Any CPU.Build.0 = Release|Any CPU
		{A70BD1E1-4066-4CD7-80A1-D2BAD8DD8CE6}.Debug|Any CPU.ActiveCfg = Debug|Any CPU
		{A70BD1E1-4066-4CD7-80A1-D2BAD8DD8CE6}.Debug|Any CPU.Build.0 = Debug|Any CPU
		{A70BD1E1-4066-4CD7-80A1-D2BAD8DD8CE6}.Release|Any CPU.ActiveCfg = Release|Any CPU
		{A70BD1E1-4066-4CD7-80A1-D2BAD8DD8CE6}.Release|Any CPU.Build.0 = Release|Any CPU
	EndGlobalSection
	GlobalSection(SolutionProperties) = preSolution
		HideSolutionNode = FALSE
	EndGlobalSection
	GlobalSection(NestedProjects) = preSolution
		{A70BD1E1-4066-4CD7-80A1-D2BAD8DD8CE6} = {FE3B90B7-16BF-4E18-BD28-E007CD45F39E}
	EndGlobalSection
	GlobalSection(ExtensibilityGlobals) = postSolution
		SolutionGuid = {8BE62696-366A-4D93-9A1A-D09EEE968B10}
	EndGlobalSection
EndGlobal
