
Microsoft Visual Studio Solution File, Format Version 12.00
# Visual Studio Version 16
VisualStudioVersion = 16.0.30104.148
MinimumVisualStudioVersion = 10.0.40219.1
Project("{9A19103F-16F7-4668-BE54-9A1E7A4F7556}") = "Linq", "Linq\Linq.csproj", "{6D28230F-AF87-4965-9AB3-9B7A4F940C00}"
EndProject
Project("{9A19103F-16F7-4668-BE54-9A1E7A4F7556}") = "Linq.Collections", "Linq.Collections\Linq.Collections.csproj", "{2BB804F7-77E2-47E8-83F1-C0A6EF30D641}"
EndProject
Project("{9A19103F-16F7-4668-BE54-9A1E7A4F7556}") = "Linq.Yield", "Linq.Yield\Linq.Yield.csproj", "{DBFC96E1-C716-4A84-84AA-C2F5F019D3BA}"
EndProject
Global
	GlobalSection(SolutionConfigurationPlatforms) = preSolution
		Debug|Any CPU = Debug|Any CPU
		Release|Any CPU = Release|Any CPU
	EndGlobalSection
	GlobalSection(ProjectConfigurationPlatforms) = postSolution
		{6D28230F-AF87-4965-9AB3-9B7A4F940C00}.Debug|Any CPU.ActiveCfg = Debug|Any CPU
		{6D28230F-AF87-4965-9AB3-9B7A4F940C00}.Debug|Any CPU.Build.0 = Debug|Any CPU
		{6D28230F-AF87-4965-9AB3-9B7A4F940C00}.Release|Any CPU.ActiveCfg = Release|Any CPU
		{6D28230F-AF87-4965-9AB3-9B7A4F940C00}.Release|Any CPU.Build.0 = Release|Any CPU
		{2BB804F7-77E2-47E8-83F1-C0A6EF30D641}.Debug|Any CPU.ActiveCfg = Debug|Any CPU
		{2BB804F7-77E2-47E8-83F1-C0A6EF30D641}.Debug|Any CPU.Build.0 = Debug|Any CPU
		{2BB804F7-77E2-47E8-83F1-C0A6EF30D641}.Release|Any CPU.ActiveCfg = Release|Any CPU
		{2BB804F7-77E2-47E8-83F1-C0A6EF30D641}.Release|Any CPU.Build.0 = Release|Any CPU
		{DBFC96E1-C716-4A84-84AA-C2F5F019D3BA}.Debug|Any CPU.ActiveCfg = Debug|Any CPU
		{DBFC96E1-C716-4A84-84AA-C2F5F019D3BA}.Debug|Any CPU.Build.0 = Debug|Any CPU
		{DBFC96E1-C716-4A84-84AA-C2F5F019D3BA}.Release|Any CPU.ActiveCfg = Release|Any CPU
		{DBFC96E1-C716-4A84-84AA-C2F5F019D3BA}.Release|Any CPU.Build.0 = Release|Any CPU
	EndGlobalSection
	GlobalSection(SolutionProperties) = preSolution
		HideSolutionNode = FALSE
	EndGlobalSection
	GlobalSection(ExtensibilityGlobals) = postSolution
		SolutionGuid = {8BE62696-366A-4D93-9A1A-D09EEE968B10}
	EndGlobalSection
EndGlobal
