
Microsoft Visual Studio Solution File, Format Version 12.00
# Visual Studio Version 16
VisualStudioVersion = 16.0.30104.148
MinimumVisualStudioVersion = 10.0.40219.1
Project("{9A19103F-16F7-4668-BE54-9A1E7A4F7556}") = "PrimeFuncPack.Unit", "PrimeFuncPack.Unit\PrimeFuncPack.Unit.csproj", "{F3348D56-6954-45C7-93FD-ACE0E466C7D8}"
EndProject
Project("{9A19103F-16F7-4668-BE54-9A1E7A4F7556}") = "PrimeFuncPack.Internals.CodeAnalysisServices", "PrimeFuncPack.Internals.CodeAnalysisServices\PrimeFuncPack.Internals.CodeAnalysisServices.csproj", "{3EE6F637-9CDC-486F-9B9F-A2116285B14C}"
EndProject
Project("{9A19103F-16F7-4668-BE54-9A1E7A4F7556}") = "PrimeFuncPack.Box", "PrimeFuncPack.Box\PrimeFuncPack.Box.csproj", "{03CEE7F7-CB29-4998-A359-4643172B5E58}"
EndProject
Project("{9A19103F-16F7-4668-BE54-9A1E7A4F7556}") = "PrimeFuncPack.Optional", "PrimeFuncPack.Optional\PrimeFuncPack.Optional.csproj", "{AFD05554-E872-4C47-834C-57867E2742EA}"
EndProject
Project("{9A19103F-16F7-4668-BE54-9A1E7A4F7556}") = "PrimeFuncPack.Primitives.ISamenessPossessor", "PrimeFuncPack.Primitives.ISamenessPossessor\PrimeFuncPack.Primitives.ISamenessPossessor.csproj", "{1246B6C9-7403-43C7-810D-7597D814C86D}"
EndProject
Project("{9A19103F-16F7-4668-BE54-9A1E7A4F7556}") = "PrimeFuncPack.Linq", "PrimeFuncPack.Linq\PrimeFuncPack.Linq.csproj", "{7A1B326D-F5C7-465B-829E-E50C649A8AEE}"
EndProject
Global
	GlobalSection(SolutionConfigurationPlatforms) = preSolution
		Debug|Any CPU = Debug|Any CPU
		Release|Any CPU = Release|Any CPU
	EndGlobalSection
	GlobalSection(ProjectConfigurationPlatforms) = postSolution
		{F3348D56-6954-45C7-93FD-ACE0E466C7D8}.Debug|Any CPU.ActiveCfg = Debug|Any CPU
		{F3348D56-6954-45C7-93FD-ACE0E466C7D8}.Debug|Any CPU.Build.0 = Debug|Any CPU
		{F3348D56-6954-45C7-93FD-ACE0E466C7D8}.Release|Any CPU.ActiveCfg = Release|Any CPU
		{F3348D56-6954-45C7-93FD-ACE0E466C7D8}.Release|Any CPU.Build.0 = Release|Any CPU
		{3EE6F637-9CDC-486F-9B9F-A2116285B14C}.Debug|Any CPU.ActiveCfg = Debug|Any CPU
		{3EE6F637-9CDC-486F-9B9F-A2116285B14C}.Debug|Any CPU.Build.0 = Debug|Any CPU
		{3EE6F637-9CDC-486F-9B9F-A2116285B14C}.Release|Any CPU.ActiveCfg = Release|Any CPU
		{3EE6F637-9CDC-486F-9B9F-A2116285B14C}.Release|Any CPU.Build.0 = Release|Any CPU
		{03CEE7F7-CB29-4998-A359-4643172B5E58}.Debug|Any CPU.ActiveCfg = Debug|Any CPU
		{03CEE7F7-CB29-4998-A359-4643172B5E58}.Debug|Any CPU.Build.0 = Debug|Any CPU
		{03CEE7F7-CB29-4998-A359-4643172B5E58}.Release|Any CPU.ActiveCfg = Release|Any CPU
		{03CEE7F7-CB29-4998-A359-4643172B5E58}.Release|Any CPU.Build.0 = Release|Any CPU
		{AFD05554-E872-4C47-834C-57867E2742EA}.Debug|Any CPU.ActiveCfg = Debug|Any CPU
		{AFD05554-E872-4C47-834C-57867E2742EA}.Debug|Any CPU.Build.0 = Debug|Any CPU
		{AFD05554-E872-4C47-834C-57867E2742EA}.Release|Any CPU.ActiveCfg = Release|Any CPU
		{AFD05554-E872-4C47-834C-57867E2742EA}.Release|Any CPU.Build.0 = Release|Any CPU
		{1246B6C9-7403-43C7-810D-7597D814C86D}.Debug|Any CPU.ActiveCfg = Debug|Any CPU
		{1246B6C9-7403-43C7-810D-7597D814C86D}.Debug|Any CPU.Build.0 = Debug|Any CPU
		{1246B6C9-7403-43C7-810D-7597D814C86D}.Release|Any CPU.ActiveCfg = Release|Any CPU
		{1246B6C9-7403-43C7-810D-7597D814C86D}.Release|Any CPU.Build.0 = Release|Any CPU
		{7A1B326D-F5C7-465B-829E-E50C649A8AEE}.Debug|Any CPU.ActiveCfg = Debug|Any CPU
		{7A1B326D-F5C7-465B-829E-E50C649A8AEE}.Debug|Any CPU.Build.0 = Debug|Any CPU
		{7A1B326D-F5C7-465B-829E-E50C649A8AEE}.Release|Any CPU.ActiveCfg = Release|Any CPU
		{7A1B326D-F5C7-465B-829E-E50C649A8AEE}.Release|Any CPU.Build.0 = Release|Any CPU
	EndGlobalSection
	GlobalSection(SolutionProperties) = preSolution
		HideSolutionNode = FALSE
	EndGlobalSection
	GlobalSection(ExtensibilityGlobals) = postSolution
		SolutionGuid = {8BE62696-366A-4D93-9A1A-D09EEE968B10}
	EndGlobalSection
EndGlobal
