
Microsoft Visual Studio Solution File, Format Version 12.00
# Visual Studio Version 16
VisualStudioVersion = 16.0.30524.135
MinimumVisualStudioVersion = 15.0.26124.0
Project("{2150E333-8FDC-42A3-9474-1A3956D46DE8}") = "Tests", "Tests", "{2ED04BD8-F538-4B40-A1FA-DB117DF800D8}"
EndProject
Project("{FAE04EC0-301F-11D3-BF4B-00C04F79EFBC}") = "TaggedUnion.Tests", "TaggedUnion.Tests\TaggedUnion.Tests.csproj", "{D0D74CEC-65BC-42F5-8607-5D80AEB7FF79}"
EndProject
Project("{FAE04EC0-301F-11D3-BF4B-00C04F79EFBC}") = "TaggedUnion", "TaggedUnion\TaggedUnion.csproj", "{ECA221F3-6238-4322-B0DF-E3BDBE4C0F08}"
EndProject
Global
	GlobalSection(SolutionConfigurationPlatforms) = preSolution
		Debug|Any CPU = Debug|Any CPU
		Debug|x64 = Debug|x64
		Debug|x86 = Debug|x86
		Release|Any CPU = Release|Any CPU
		Release|x64 = Release|x64
		Release|x86 = Release|x86
	EndGlobalSection
	GlobalSection(ProjectConfigurationPlatforms) = postSolution
		{D0D74CEC-65BC-42F5-8607-5D80AEB7FF79}.Debug|Any CPU.ActiveCfg = Debug|Any CPU
		{D0D74CEC-65BC-42F5-8607-5D80AEB7FF79}.Debug|Any CPU.Build.0 = Debug|Any CPU
		{D0D74CEC-65BC-42F5-8607-5D80AEB7FF79}.Debug|x64.ActiveCfg = Debug|Any CPU
		{D0D74CEC-65BC-42F5-8607-5D80AEB7FF79}.Debug|x64.Build.0 = Debug|Any CPU
		{D0D74CEC-65BC-42F5-8607-5D80AEB7FF79}.Debug|x86.ActiveCfg = Debug|Any CPU
		{D0D74CEC-65BC-42F5-8607-5D80AEB7FF79}.Debug|x86.Build.0 = Debug|Any CPU
		{D0D74CEC-65BC-42F5-8607-5D80AEB7FF79}.Release|Any CPU.ActiveCfg = Release|Any CPU
		{D0D74CEC-65BC-42F5-8607-5D80AEB7FF79}.Release|Any CPU.Build.0 = Release|Any CPU
		{D0D74CEC-65BC-42F5-8607-5D80AEB7FF79}.Release|x64.ActiveCfg = Release|Any CPU
		{D0D74CEC-65BC-42F5-8607-5D80AEB7FF79}.Release|x64.Build.0 = Release|Any CPU
		{D0D74CEC-65BC-42F5-8607-5D80AEB7FF79}.Release|x86.ActiveCfg = Release|Any CPU
		{D0D74CEC-65BC-42F5-8607-5D80AEB7FF79}.Release|x86.Build.0 = Release|Any CPU
		{ECA221F3-6238-4322-B0DF-E3BDBE4C0F08}.Debug|Any CPU.ActiveCfg = Debug|Any CPU
		{ECA221F3-6238-4322-B0DF-E3BDBE4C0F08}.Debug|Any CPU.Build.0 = Debug|Any CPU
		{ECA221F3-6238-4322-B0DF-E3BDBE4C0F08}.Debug|x64.ActiveCfg = Debug|Any CPU
		{ECA221F3-6238-4322-B0DF-E3BDBE4C0F08}.Debug|x64.Build.0 = Debug|Any CPU
		{ECA221F3-6238-4322-B0DF-E3BDBE4C0F08}.Debug|x86.ActiveCfg = Debug|Any CPU
		{ECA221F3-6238-4322-B0DF-E3BDBE4C0F08}.Debug|x86.Build.0 = Debug|Any CPU
		{ECA221F3-6238-4322-B0DF-E3BDBE4C0F08}.Release|Any CPU.ActiveCfg = Release|Any CPU
		{ECA221F3-6238-4322-B0DF-E3BDBE4C0F08}.Release|Any CPU.Build.0 = Release|Any CPU
		{ECA221F3-6238-4322-B0DF-E3BDBE4C0F08}.Release|x64.ActiveCfg = Release|Any CPU
		{ECA221F3-6238-4322-B0DF-E3BDBE4C0F08}.Release|x64.Build.0 = Release|Any CPU
		{ECA221F3-6238-4322-B0DF-E3BDBE4C0F08}.Release|x86.ActiveCfg = Release|Any CPU
		{ECA221F3-6238-4322-B0DF-E3BDBE4C0F08}.Release|x86.Build.0 = Release|Any CPU
	EndGlobalSection
	GlobalSection(SolutionProperties) = preSolution
		HideSolutionNode = FALSE
	EndGlobalSection
	GlobalSection(NestedProjects) = preSolution
		{D0D74CEC-65BC-42F5-8607-5D80AEB7FF79} = {2ED04BD8-F538-4B40-A1FA-DB117DF800D8}
	EndGlobalSection
	GlobalSection(ExtensibilityGlobals) = postSolution
		SolutionGuid = {207B9CB3-D195-46FB-B86C-8900201E2B64}
	EndGlobalSection
EndGlobal
