
Microsoft Visual Studio Solution File, Format Version 12.00
# Visual Studio Version 16
VisualStudioVersion = 16.0.30524.135
MinimumVisualStudioVersion = 15.0.26124.0
Project("{2150E333-8FDC-42A3-9474-1A3956D46DE8}") = "Tests", "Tests", "{74507951-5FD7-4C66-A35C-E2234076A2FD}"
EndProject
Project("{9A19103F-16F7-4668-BE54-9A1E7A4F7556}") = "Optional.Tests", "Optional.Tests\Optional.Tests.csproj", "{9E70D17C-5971-4D0F-9CD4-209A040B4EF0}"
EndProject
Project("{9A19103F-16F7-4668-BE54-9A1E7A4F7556}") = "Optional", "Optional\Optional.csproj", "{51D41760-F999-400A-929E-E0A7D3492E77}"
EndProject
Global
	GlobalSection(SolutionConfigurationPlatforms) = preSolution
		Debug|Any CPU = Debug|Any CPU
		Debug|x64 = Debug|x64
		Debug|x86 = Debug|x86
		Release|Any CPU = Release|Any CPU
		Release|x64 = Release|x64
		Release|x86 = Release|x86
	EndGlobalSection
	GlobalSection(ProjectConfigurationPlatforms) = postSolution
		{9E70D17C-5971-4D0F-9CD4-209A040B4EF0}.Debug|Any CPU.ActiveCfg = Debug|Any CPU
		{9E70D17C-5971-4D0F-9CD4-209A040B4EF0}.Debug|Any CPU.Build.0 = Debug|Any CPU
		{9E70D17C-5971-4D0F-9CD4-209A040B4EF0}.Debug|x64.ActiveCfg = Debug|Any CPU
		{9E70D17C-5971-4D0F-9CD4-209A040B4EF0}.Debug|x64.Build.0 = Debug|Any CPU
		{9E70D17C-5971-4D0F-9CD4-209A040B4EF0}.Debug|x86.ActiveCfg = Debug|Any CPU
		{9E70D17C-5971-4D0F-9CD4-209A040B4EF0}.Debug|x86.Build.0 = Debug|Any CPU
		{9E70D17C-5971-4D0F-9CD4-209A040B4EF0}.Release|Any CPU.ActiveCfg = Release|Any CPU
		{9E70D17C-5971-4D0F-9CD4-209A040B4EF0}.Release|Any CPU.Build.0 = Release|Any CPU
		{9E70D17C-5971-4D0F-9CD4-209A040B4EF0}.Release|x64.ActiveCfg = Release|Any CPU
		{9E70D17C-5971-4D0F-9CD4-209A040B4EF0}.Release|x64.Build.0 = Release|Any CPU
		{9E70D17C-5971-4D0F-9CD4-209A040B4EF0}.Release|x86.ActiveCfg = Release|Any CPU
		{9E70D17C-5971-4D0F-9CD4-209A040B4EF0}.Release|x86.Build.0 = Release|Any CPU
		{51D41760-F999-400A-929E-E0A7D3492E77}.Debug|Any CPU.ActiveCfg = Debug|Any CPU
		{51D41760-F999-400A-929E-E0A7D3492E77}.Debug|Any CPU.Build.0 = Debug|Any CPU
		{51D41760-F999-400A-929E-E0A7D3492E77}.Debug|x64.ActiveCfg = Debug|Any CPU
		{51D41760-F999-400A-929E-E0A7D3492E77}.Debug|x64.Build.0 = Debug|Any CPU
		{51D41760-F999-400A-929E-E0A7D3492E77}.Debug|x86.ActiveCfg = Debug|Any CPU
		{51D41760-F999-400A-929E-E0A7D3492E77}.Debug|x86.Build.0 = Debug|Any CPU
		{51D41760-F999-400A-929E-E0A7D3492E77}.Release|Any CPU.ActiveCfg = Release|Any CPU
		{51D41760-F999-400A-929E-E0A7D3492E77}.Release|Any CPU.Build.0 = Release|Any CPU
		{51D41760-F999-400A-929E-E0A7D3492E77}.Release|x64.ActiveCfg = Release|Any CPU
		{51D41760-F999-400A-929E-E0A7D3492E77}.Release|x64.Build.0 = Release|Any CPU
		{51D41760-F999-400A-929E-E0A7D3492E77}.Release|x86.ActiveCfg = Release|Any CPU
		{51D41760-F999-400A-929E-E0A7D3492E77}.Release|x86.Build.0 = Release|Any CPU
	EndGlobalSection
	GlobalSection(SolutionProperties) = preSolution
		HideSolutionNode = FALSE
	EndGlobalSection
	GlobalSection(NestedProjects) = preSolution
		{9E70D17C-5971-4D0F-9CD4-209A040B4EF0} = {74507951-5FD7-4C66-A35C-E2234076A2FD}
	EndGlobalSection
	GlobalSection(ExtensibilityGlobals) = postSolution
		SolutionGuid = {A1B62BAE-3059-4C1E-82F4-939160A77081}
	EndGlobalSection
EndGlobal
