
Microsoft Visual Studio Solution File, Format Version 12.00
# Visual Studio Version 16
VisualStudioVersion = 16.0.30524.135
MinimumVisualStudioVersion = 15.0.26124.0
Project("{2150E333-8FDC-42A3-9474-1A3956D46DE8}") = "Tests", "Tests", "{25E01483-B3DE-4778-BEB3-2DCAFE42BB0F}"
EndProject
Project("{FAE04EC0-301F-11D3-BF4B-00C04F79EFBC}") = "Strings.Tests", "Strings.Tests\Strings.Tests.csproj", "{96142625-64BD-4F5E-9B32-3858FC3AEAD6}"
EndProject
Project("{FAE04EC0-301F-11D3-BF4B-00C04F79EFBC}") = "Strings", "Strings\Strings.csproj", "{F071632D-F312-4410-B10F-8C63FD960DC1}"
EndProject
Global
	GlobalSection(SolutionConfigurationPlatforms) = preSolution
		Debug|Any CPU = Debug|Any CPU
		Debug|x64 = Debug|x64
		Debug|x86 = Debug|x86
		Release|Any CPU = Release|Any CPU
		Release|x64 = Release|x64
		Release|x86 = Release|x86
	EndGlobalSection
	GlobalSection(ProjectConfigurationPlatforms) = postSolution
		{96142625-64BD-4F5E-9B32-3858FC3AEAD6}.Debug|Any CPU.ActiveCfg = Debug|Any CPU
		{96142625-64BD-4F5E-9B32-3858FC3AEAD6}.Debug|Any CPU.Build.0 = Debug|Any CPU
		{96142625-64BD-4F5E-9B32-3858FC3AEAD6}.Debug|x64.ActiveCfg = Debug|Any CPU
		{96142625-64BD-4F5E-9B32-3858FC3AEAD6}.Debug|x64.Build.0 = Debug|Any CPU
		{96142625-64BD-4F5E-9B32-3858FC3AEAD6}.Debug|x86.ActiveCfg = Debug|Any CPU
		{96142625-64BD-4F5E-9B32-3858FC3AEAD6}.Debug|x86.Build.0 = Debug|Any CPU
		{96142625-64BD-4F5E-9B32-3858FC3AEAD6}.Release|Any CPU.ActiveCfg = Release|Any CPU
		{96142625-64BD-4F5E-9B32-3858FC3AEAD6}.Release|Any CPU.Build.0 = Release|Any CPU
		{96142625-64BD-4F5E-9B32-3858FC3AEAD6}.Release|x64.ActiveCfg = Release|Any CPU
		{96142625-64BD-4F5E-9B32-3858FC3AEAD6}.Release|x64.Build.0 = Release|Any CPU
		{96142625-64BD-4F5E-9B32-3858FC3AEAD6}.Release|x86.ActiveCfg = Release|Any CPU
		{96142625-64BD-4F5E-9B32-3858FC3AEAD6}.Release|x86.Build.0 = Release|Any CPU
		{F071632D-F312-4410-B10F-8C63FD960DC1}.Debug|Any CPU.ActiveCfg = Debug|Any CPU
		{F071632D-F312-4410-B10F-8C63FD960DC1}.Debug|Any CPU.Build.0 = Debug|Any CPU
		{F071632D-F312-4410-B10F-8C63FD960DC1}.Debug|x64.ActiveCfg = Debug|Any CPU
		{F071632D-F312-4410-B10F-8C63FD960DC1}.Debug|x64.Build.0 = Debug|Any CPU
		{F071632D-F312-4410-B10F-8C63FD960DC1}.Debug|x86.ActiveCfg = Debug|Any CPU
		{F071632D-F312-4410-B10F-8C63FD960DC1}.Debug|x86.Build.0 = Debug|Any CPU
		{F071632D-F312-4410-B10F-8C63FD960DC1}.Release|Any CPU.ActiveCfg = Release|Any CPU
		{F071632D-F312-4410-B10F-8C63FD960DC1}.Release|Any CPU.Build.0 = Release|Any CPU
		{F071632D-F312-4410-B10F-8C63FD960DC1}.Release|x64.ActiveCfg = Release|Any CPU
		{F071632D-F312-4410-B10F-8C63FD960DC1}.Release|x64.Build.0 = Release|Any CPU
		{F071632D-F312-4410-B10F-8C63FD960DC1}.Release|x86.ActiveCfg = Release|Any CPU
		{F071632D-F312-4410-B10F-8C63FD960DC1}.Release|x86.Build.0 = Release|Any CPU
	EndGlobalSection
	GlobalSection(SolutionProperties) = preSolution
		HideSolutionNode = FALSE
	EndGlobalSection
	GlobalSection(NestedProjects) = preSolution
		{96142625-64BD-4F5E-9B32-3858FC3AEAD6} = {25E01483-B3DE-4778-BEB3-2DCAFE42BB0F}
	EndGlobalSection
	GlobalSection(ExtensibilityGlobals) = postSolution
		SolutionGuid = {6228B5F8-30DD-43DE-A554-5B0E2764B3C7}
	EndGlobalSection
EndGlobal
